
Microsoft Visual Studio Solution File, Format Version 12.00
# Visual Studio Version 17
VisualStudioVersion = 17.14.36414.22 d17.14
MinimumVisualStudioVersion = 10.0.40219.1
Project("{FAE04EC0-301F-11D3-BF4B-00C04F79EFBC}") = "UnosBroja", "UnosBroja\UnosBroja.csproj", "{A56378A1-4F54-4D00-88A5-BA3EFEF0EAEF}"
EndProject
Project("{FAE04EC0-301F-11D3-BF4B-00C04F79EFBC}") = "Operatori", "Operatori\Operatori.csproj", "{62FDE0A2-3680-4E3A-A18D-8879437C75BC}"
EndProject
Project("{FAE04EC0-301F-11D3-BF4B-00C04F79EFBC}") = "OsnovniTipoviPodataka", "OsnovniTipoviPodataka\OsnovniTipoviPodataka.csproj", "{5DDC7B7F-6C4B-4148-AFD7-58B678D0FBBD}"
EndProject
Project("{FAE04EC0-301F-11D3-BF4B-00C04F79EFBC}") = "Zadatak1", "Zadatak1\Zadatak1.csproj", "{C594942E-8FC0-43EF-97DF-180C8C43DD0F}"
EndProject
Global
	GlobalSection(SolutionConfigurationPlatforms) = preSolution
		Debug|Any CPU = Debug|Any CPU
		Release|Any CPU = Release|Any CPU
	EndGlobalSection
	GlobalSection(ProjectConfigurationPlatforms) = postSolution
		{A56378A1-4F54-4D00-88A5-BA3EFEF0EAEF}.Debug|Any CPU.ActiveCfg = Debug|Any CPU
		{A56378A1-4F54-4D00-88A5-BA3EFEF0EAEF}.Debug|Any CPU.Build.0 = Debug|Any CPU
		{A56378A1-4F54-4D00-88A5-BA3EFEF0EAEF}.Release|Any CPU.ActiveCfg = Release|Any CPU
		{A56378A1-4F54-4D00-88A5-BA3EFEF0EAEF}.Release|Any CPU.Build.0 = Release|Any CPU
		{62FDE0A2-3680-4E3A-A18D-8879437C75BC}.Debug|Any CPU.ActiveCfg = Debug|Any CPU
		{62FDE0A2-3680-4E3A-A18D-8879437C75BC}.Debug|Any CPU.Build.0 = Debug|Any CPU
		{62FDE0A2-3680-4E3A-A18D-8879437C75BC}.Release|Any CPU.ActiveCfg = Release|Any CPU
		{62FDE0A2-3680-4E3A-A18D-8879437C75BC}.Release|Any CPU.Build.0 = Release|Any CPU
		{5DDC7B7F-6C4B-4148-AFD7-58B678D0FBBD}.Debug|Any CPU.ActiveCfg = Debug|Any CPU
		{5DDC7B7F-6C4B-4148-AFD7-58B678D0FBBD}.Debug|Any CPU.Build.0 = Debug|Any CPU
		{5DDC7B7F-6C4B-4148-AFD7-58B678D0FBBD}.Release|Any CPU.ActiveCfg = Release|Any CPU
		{5DDC7B7F-6C4B-4148-AFD7-58B678D0FBBD}.Release|Any CPU.Build.0 = Release|Any CPU
		{C594942E-8FC0-43EF-97DF-180C8C43DD0F}.Debug|Any CPU.ActiveCfg = Debug|Any CPU
		{C594942E-8FC0-43EF-97DF-180C8C43DD0F}.Debug|Any CPU.Build.0 = Debug|Any CPU
		{C594942E-8FC0-43EF-97DF-180C8C43DD0F}.Release|Any CPU.ActiveCfg = Release|Any CPU
		{C594942E-8FC0-43EF-97DF-180C8C43DD0F}.Release|Any CPU.Build.0 = Release|Any CPU
	EndGlobalSection
	GlobalSection(SolutionProperties) = preSolution
		HideSolutionNode = FALSE
	EndGlobalSection
	GlobalSection(ExtensibilityGlobals) = postSolution
		SolutionGuid = {C2842A6E-B20F-4C47-AF4F-064206E20CFF}
	EndGlobalSection
EndGlobal
