
Microsoft Visual Studio Solution File, Format Version 12.00
# Visual Studio Version 17
VisualStudioVersion = 17.14.36429.23
MinimumVisualStudioVersion = 10.0.40219.1
Project("{FAE04EC0-301F-11D3-BF4B-00C04F79EFBC}") = "UnosBroja", "UnosBroja\UnosBroja.csproj", "{6695D4DA-A811-48E7-B7CF-F3BF2C268D87}"
EndProject
Project("{FAE04EC0-301F-11D3-BF4B-00C04F79EFBC}") = "Operatori", "Operatori\Operatori.csproj", "{C6D9D6DD-645D-4FFA-AD26-C8A1FBD672D7}"
EndProject
Project("{FAE04EC0-301F-11D3-BF4B-00C04F79EFBC}") = "OsnovniTipoviPodataka", "OsnovniTipoviPodataka\OsnovniTipoviPodataka.csproj", "{AB4057A0-17F4-41F5-BAC7-A222D32426EE}"
EndProject
Project("{FAE04EC0-301F-11D3-BF4B-00C04F79EFBC}") = "Zadatak1", "Zadatak1\Zadatak1.csproj", "{29F53AE8-D410-4C51-B47D-923E9AE06B05}"
EndProject
Project("{FAE04EC0-301F-11D3-BF4B-00C04F79EFBC}") = "Zadatak3", "Zadatak3\Zadatak3.csproj", "{7D33C575-D4D1-40A5-8280-43DB6DBE0864}"
EndProject
Project("{FAE04EC0-301F-11D3-BF4B-00C04F79EFBC}") = "Zadatak4", "Zadatak4\Zadatak4.csproj", "{3F9E5C24-4C4F-4FB5-A181-C8E589E238B6}"
EndProject
Project("{FAE04EC0-301F-11D3-BF4B-00C04F79EFBC}") = "Zadatak5", "Zadatak5\Zadatak5.csproj", "{71B6154F-A247-42CB-9CD4-6AA69999BD4F}"
EndProject
Project("{FAE04EC0-301F-11D3-BF4B-00C04F79EFBC}") = "Zadatak6", "Zadatak6\Zadatak6.csproj", "{FE7176E3-DBF0-48A2-BF8F-AF08281FAE59}"
EndProject
Project("{FAE04EC0-301F-11D3-BF4B-00C04F79EFBC}") = "Zadatak8", "Zadatak8\Zadatak8.csproj", "{E7B3EF36-69E6-43B1-AECB-96A5958C18CF}"
EndProject
Project("{FAE04EC0-301F-11D3-BF4B-00C04F79EFBC}") = "Zadatak2", "Zadatak2\Zadatak2.csproj", "{D32CFF73-9B1E-48FF-8228-134C8FADED46}"
EndProject
Project("{FAE04EC0-301F-11D3-BF4B-00C04F79EFBC}") = "Zadatak7", "Zadatak7\Zadatak7.csproj", "{8DC6FCDA-5396-45D9-A208-73878F998FD8}"
EndProject
Global
	GlobalSection(SolutionConfigurationPlatforms) = preSolution
		Debug|Any CPU = Debug|Any CPU
		Release|Any CPU = Release|Any CPU
	EndGlobalSection
	GlobalSection(ProjectConfigurationPlatforms) = postSolution
		{6695D4DA-A811-48E7-B7CF-F3BF2C268D87}.Debug|Any CPU.ActiveCfg = Debug|Any CPU
		{6695D4DA-A811-48E7-B7CF-F3BF2C268D87}.Debug|Any CPU.Build.0 = Debug|Any CPU
		{6695D4DA-A811-48E7-B7CF-F3BF2C268D87}.Release|Any CPU.ActiveCfg = Release|Any CPU
		{6695D4DA-A811-48E7-B7CF-F3BF2C268D87}.Release|Any CPU.Build.0 = Release|Any CPU
		{C6D9D6DD-645D-4FFA-AD26-C8A1FBD672D7}.Debug|Any CPU.ActiveCfg = Debug|Any CPU
		{C6D9D6DD-645D-4FFA-AD26-C8A1FBD672D7}.Debug|Any CPU.Build.0 = Debug|Any CPU
		{C6D9D6DD-645D-4FFA-AD26-C8A1FBD672D7}.Release|Any CPU.ActiveCfg = Release|Any CPU
		{C6D9D6DD-645D-4FFA-AD26-C8A1FBD672D7}.Release|Any CPU.Build.0 = Release|Any CPU
		{AB4057A0-17F4-41F5-BAC7-A222D32426EE}.Debug|Any CPU.ActiveCfg = Debug|Any CPU
		{AB4057A0-17F4-41F5-BAC7-A222D32426EE}.Debug|Any CPU.Build.0 = Debug|Any CPU
		{AB4057A0-17F4-41F5-BAC7-A222D32426EE}.Release|Any CPU.ActiveCfg = Release|Any CPU
		{AB4057A0-17F4-41F5-BAC7-A222D32426EE}.Release|Any CPU.Build.0 = Release|Any CPU
		{29F53AE8-D410-4C51-B47D-923E9AE06B05}.Debug|Any CPU.ActiveCfg = Debug|Any CPU
		{29F53AE8-D410-4C51-B47D-923E9AE06B05}.Debug|Any CPU.Build.0 = Debug|Any CPU
		{29F53AE8-D410-4C51-B47D-923E9AE06B05}.Release|Any CPU.ActiveCfg = Release|Any CPU
		{29F53AE8-D410-4C51-B47D-923E9AE06B05}.Release|Any CPU.Build.0 = Release|Any CPU
		{7D33C575-D4D1-40A5-8280-43DB6DBE0864}.Debug|Any CPU.ActiveCfg = Debug|Any CPU
		{7D33C575-D4D1-40A5-8280-43DB6DBE0864}.Debug|Any CPU.Build.0 = Debug|Any CPU
		{7D33C575-D4D1-40A5-8280-43DB6DBE0864}.Release|Any CPU.ActiveCfg = Release|Any CPU
		{7D33C575-D4D1-40A5-8280-43DB6DBE0864}.Release|Any CPU.Build.0 = Release|Any CPU
		{3F9E5C24-4C4F-4FB5-A181-C8E589E238B6}.Debug|Any CPU.ActiveCfg = Debug|Any CPU
		{3F9E5C24-4C4F-4FB5-A181-C8E589E238B6}.Debug|Any CPU.Build.0 = Debug|Any CPU
		{3F9E5C24-4C4F-4FB5-A181-C8E589E238B6}.Release|Any CPU.ActiveCfg = Release|Any CPU
		{3F9E5C24-4C4F-4FB5-A181-C8E589E238B6}.Release|Any CPU.Build.0 = Release|Any CPU
		{71B6154F-A247-42CB-9CD4-6AA69999BD4F}.Debug|Any CPU.ActiveCfg = Debug|Any CPU
		{71B6154F-A247-42CB-9CD4-6AA69999BD4F}.Debug|Any CPU.Build.0 = Debug|Any CPU
		{71B6154F-A247-42CB-9CD4-6AA69999BD4F}.Release|Any CPU.ActiveCfg = Release|Any CPU
		{71B6154F-A247-42CB-9CD4-6AA69999BD4F}.Release|Any CPU.Build.0 = Release|Any CPU
		{FE7176E3-DBF0-48A2-BF8F-AF08281FAE59}.Debug|Any CPU.ActiveCfg = Debug|Any CPU
		{FE7176E3-DBF0-48A2-BF8F-AF08281FAE59}.Debug|Any CPU.Build.0 = Debug|Any CPU
		{FE7176E3-DBF0-48A2-BF8F-AF08281FAE59}.Release|Any CPU.ActiveCfg = Release|Any CPU
		{FE7176E3-DBF0-48A2-BF8F-AF08281FAE59}.Release|Any CPU.Build.0 = Release|Any CPU
		{E7B3EF36-69E6-43B1-AECB-96A5958C18CF}.Debug|Any CPU.ActiveCfg = Debug|Any CPU
		{E7B3EF36-69E6-43B1-AECB-96A5958C18CF}.Debug|Any CPU.Build.0 = Debug|Any CPU
		{E7B3EF36-69E6-43B1-AECB-96A5958C18CF}.Release|Any CPU.ActiveCfg = Release|Any CPU
		{E7B3EF36-69E6-43B1-AECB-96A5958C18CF}.Release|Any CPU.Build.0 = Release|Any CPU
		{D32CFF73-9B1E-48FF-8228-134C8FADED46}.Debug|Any CPU.ActiveCfg = Debug|Any CPU
		{D32CFF73-9B1E-48FF-8228-134C8FADED46}.Debug|Any CPU.Build.0 = Debug|Any CPU
		{D32CFF73-9B1E-48FF-8228-134C8FADED46}.Release|Any CPU.ActiveCfg = Release|Any CPU
		{D32CFF73-9B1E-48FF-8228-134C8FADED46}.Release|Any CPU.Build.0 = Release|Any CPU
		{8DC6FCDA-5396-45D9-A208-73878F998FD8}.Debug|Any CPU.ActiveCfg = Debug|Any CPU
		{8DC6FCDA-5396-45D9-A208-73878F998FD8}.Debug|Any CPU.Build.0 = Debug|Any CPU
		{8DC6FCDA-5396-45D9-A208-73878F998FD8}.Release|Any CPU.ActiveCfg = Release|Any CPU
		{8DC6FCDA-5396-45D9-A208-73878F998FD8}.Release|Any CPU.Build.0 = Release|Any CPU
	EndGlobalSection
	GlobalSection(SolutionProperties) = preSolution
		HideSolutionNode = FALSE
	EndGlobalSection
	GlobalSection(ExtensibilityGlobals) = postSolution
		SolutionGuid = {96405187-7A31-498E-99CD-A9D81039AD76}
	EndGlobalSection
EndGlobal
