
Microsoft Visual Studio Solution File, Format Version 12.00
# Visual Studio Version 17
VisualStudioVersion = 17.14.36414.22 d17.14
MinimumVisualStudioVersion = 10.0.40219.1
Project("{FAE04EC0-301F-11D3-BF4B-00C04F79EFBC}") = "ProizvoljneKolekcije", "ProizvoljneKolekcije\ProizvoljneKolekcije.csproj", "{82B34B78-ABDF-44DA-B77A-217B5B41B1DC}"
EndProject
Project("{FAE04EC0-301F-11D3-BF4B-00C04F79EFBC}") = "ProizvoljneKolekcije_DAL", "ProizvoljneKolekcije_DAL\ProizvoljneKolekcije_DAL.csproj", "{9C5AE5DE-A69B-4FE3-92AA-DBB7BB8E3F7F}"
EndProject
Global
	GlobalSection(SolutionConfigurationPlatforms) = preSolution
		Debug|Any CPU = Debug|Any CPU
		Release|Any CPU = Release|Any CPU
	EndGlobalSection
	GlobalSection(ProjectConfigurationPlatforms) = postSolution
		{82B34B78-ABDF-44DA-B77A-217B5B41B1DC}.Debug|Any CPU.ActiveCfg = Debug|Any CPU
		{82B34B78-ABDF-44DA-B77A-217B5B41B1DC}.Debug|Any CPU.Build.0 = Debug|Any CPU
		{82B34B78-ABDF-44DA-B77A-217B5B41B1DC}.Release|Any CPU.ActiveCfg = Release|Any CPU
		{82B34B78-ABDF-44DA-B77A-217B5B41B1DC}.Release|Any CPU.Build.0 = Release|Any CPU
		{9C5AE5DE-A69B-4FE3-92AA-DBB7BB8E3F7F}.Debug|Any CPU.ActiveCfg = Debug|Any CPU
		{9C5AE5DE-A69B-4FE3-92AA-DBB7BB8E3F7F}.Debug|Any CPU.Build.0 = Debug|Any CPU
		{9C5AE5DE-A69B-4FE3-92AA-DBB7BB8E3F7F}.Release|Any CPU.ActiveCfg = Release|Any CPU
		{9C5AE5DE-A69B-4FE3-92AA-DBB7BB8E3F7F}.Release|Any CPU.Build.0 = Release|Any CPU
	EndGlobalSection
	GlobalSection(SolutionProperties) = preSolution
		HideSolutionNode = FALSE
	EndGlobalSection
	GlobalSection(ExtensibilityGlobals) = postSolution
		SolutionGuid = {34E04802-09A4-4D99-8295-80172DA66AE7}
	EndGlobalSection
EndGlobal
