
Microsoft Visual Studio Solution File, Format Version 12.00
# Visual Studio Version 17
VisualStudioVersion = 17.14.36511.14 d17.14
MinimumVisualStudioVersion = 10.0.40219.1
Project("{FAE04EC0-301F-11D3-BF4B-00C04F79EFBC}") = "ProizvoljneKolekcije", "ProizvoljneKolekcije\ProizvoljneKolekcije.csproj", "{BBFDE6DE-37C7-454D-BCD9-7E57DE4575CD}"
EndProject
Project("{FAE04EC0-301F-11D3-BF4B-00C04F79EFBC}") = "ProizvoljneKolekcije_DAL", "ProizvoljneKolekcije_DAL\ProizvoljneKolekcije_DAL.csproj", "{A112E109-3CED-4BE8-AF3D-66D0E97C7B15}"
EndProject
Global
	GlobalSection(SolutionConfigurationPlatforms) = preSolution
		Debug|Any CPU = Debug|Any CPU
		Release|Any CPU = Release|Any CPU
	EndGlobalSection
	GlobalSection(ProjectConfigurationPlatforms) = postSolution
		{BBFDE6DE-37C7-454D-BCD9-7E57DE4575CD}.Debug|Any CPU.ActiveCfg = Debug|Any CPU
		{BBFDE6DE-37C7-454D-BCD9-7E57DE4575CD}.Debug|Any CPU.Build.0 = Debug|Any CPU
		{BBFDE6DE-37C7-454D-BCD9-7E57DE4575CD}.Release|Any CPU.ActiveCfg = Release|Any CPU
		{BBFDE6DE-37C7-454D-BCD9-7E57DE4575CD}.Release|Any CPU.Build.0 = Release|Any CPU
		{A112E109-3CED-4BE8-AF3D-66D0E97C7B15}.Debug|Any CPU.ActiveCfg = Debug|Any CPU
		{A112E109-3CED-4BE8-AF3D-66D0E97C7B15}.Debug|Any CPU.Build.0 = Debug|Any CPU
		{A112E109-3CED-4BE8-AF3D-66D0E97C7B15}.Release|Any CPU.ActiveCfg = Release|Any CPU
		{A112E109-3CED-4BE8-AF3D-66D0E97C7B15}.Release|Any CPU.Build.0 = Release|Any CPU
	EndGlobalSection
	GlobalSection(SolutionProperties) = preSolution
		HideSolutionNode = FALSE
	EndGlobalSection
	GlobalSection(ExtensibilityGlobals) = postSolution
		SolutionGuid = {19D1256C-37EA-4013-843A-D7405543BF15}
	EndGlobalSection
EndGlobal
