
Microsoft Visual Studio Solution File, Format Version 12.00
# Visual Studio Version 17
VisualStudioVersion = 17.14.36518.9
MinimumVisualStudioVersion = 10.0.40219.1
Project("{FAE04EC0-301F-11D3-BF4B-00C04F79EFBC}") = "ProizvoljneKolekcije", "ProizvoljneKolekcije\ProizvoljneKolekcije.csproj", "{C770AC23-380A-4180-8E8C-7D4161C455DC}"
EndProject
Project("{FAE04EC0-301F-11D3-BF4B-00C04F79EFBC}") = "ProizvoljneKolekcije_DAL", "ProizvoljneKolekcije_DAL\ProizvoljneKolekcije_DAL.csproj", "{352B8EB3-D1BC-4CC7-B456-6CA450834014}"
EndProject
Global
	GlobalSection(SolutionConfigurationPlatforms) = preSolution
		Debug|Any CPU = Debug|Any CPU
		Release|Any CPU = Release|Any CPU
	EndGlobalSection
	GlobalSection(ProjectConfigurationPlatforms) = postSolution
		{C770AC23-380A-4180-8E8C-7D4161C455DC}.Debug|Any CPU.ActiveCfg = Debug|Any CPU
		{C770AC23-380A-4180-8E8C-7D4161C455DC}.Debug|Any CPU.Build.0 = Debug|Any CPU
		{C770AC23-380A-4180-8E8C-7D4161C455DC}.Release|Any CPU.ActiveCfg = Release|Any CPU
		{C770AC23-380A-4180-8E8C-7D4161C455DC}.Release|Any CPU.Build.0 = Release|Any CPU
		{352B8EB3-D1BC-4CC7-B456-6CA450834014}.Debug|Any CPU.ActiveCfg = Debug|Any CPU
		{352B8EB3-D1BC-4CC7-B456-6CA450834014}.Debug|Any CPU.Build.0 = Debug|Any CPU
		{352B8EB3-D1BC-4CC7-B456-6CA450834014}.Release|Any CPU.ActiveCfg = Release|Any CPU
		{352B8EB3-D1BC-4CC7-B456-6CA450834014}.Release|Any CPU.Build.0 = Release|Any CPU
	EndGlobalSection
	GlobalSection(SolutionProperties) = preSolution
		HideSolutionNode = FALSE
	EndGlobalSection
	GlobalSection(ExtensibilityGlobals) = postSolution
		SolutionGuid = {ABA66358-D99D-4F10-BB3E-3A81810789BF}
	EndGlobalSection
EndGlobal
