
Microsoft Visual Studio Solution File, Format Version 12.00
# Visual Studio Version 17
VisualStudioVersion = 17.14.36414.22 d17.14
MinimumVisualStudioVersion = 10.0.40219.1
Project("{FAE04EC0-301F-11D3-BF4B-00C04F79EFBC}") = "datoteke", "datoteke\datoteke.csproj", "{14B39A09-1FDF-4C99-9259-57A62540992B}"
EndProject
Project("{FAE04EC0-301F-11D3-BF4B-00C04F79EFBC}") = "fileAndFileInfo", "fileAndFileInfo\fileAndFileInfo.csproj", "{11D07609-6264-456D-88D7-C7DFD2C3F4AD}"
EndProject
Project("{FAE04EC0-301F-11D3-BF4B-00C04F79EFBC}") = "parni", "parni\parni.csproj", "{76DD808A-196D-4625-B46B-8C5D470A85DE}"
EndProject
Global
	GlobalSection(SolutionConfigurationPlatforms) = preSolution
		Debug|Any CPU = Debug|Any CPU
		Release|Any CPU = Release|Any CPU
	EndGlobalSection
	GlobalSection(ProjectConfigurationPlatforms) = postSolution
		{14B39A09-1FDF-4C99-9259-57A62540992B}.Debug|Any CPU.ActiveCfg = Debug|Any CPU
		{14B39A09-1FDF-4C99-9259-57A62540992B}.Debug|Any CPU.Build.0 = Debug|Any CPU
		{14B39A09-1FDF-4C99-9259-57A62540992B}.Release|Any CPU.ActiveCfg = Release|Any CPU
		{14B39A09-1FDF-4C99-9259-57A62540992B}.Release|Any CPU.Build.0 = Release|Any CPU
		{11D07609-6264-456D-88D7-C7DFD2C3F4AD}.Debug|Any CPU.ActiveCfg = Debug|Any CPU
		{11D07609-6264-456D-88D7-C7DFD2C3F4AD}.Debug|Any CPU.Build.0 = Debug|Any CPU
		{11D07609-6264-456D-88D7-C7DFD2C3F4AD}.Release|Any CPU.ActiveCfg = Release|Any CPU
		{11D07609-6264-456D-88D7-C7DFD2C3F4AD}.Release|Any CPU.Build.0 = Release|Any CPU
		{76DD808A-196D-4625-B46B-8C5D470A85DE}.Debug|Any CPU.ActiveCfg = Debug|Any CPU
		{76DD808A-196D-4625-B46B-8C5D470A85DE}.Debug|Any CPU.Build.0 = Debug|Any CPU
		{76DD808A-196D-4625-B46B-8C5D470A85DE}.Release|Any CPU.ActiveCfg = Release|Any CPU
		{76DD808A-196D-4625-B46B-8C5D470A85DE}.Release|Any CPU.Build.0 = Release|Any CPU
	EndGlobalSection
	GlobalSection(SolutionProperties) = preSolution
		HideSolutionNode = FALSE
	EndGlobalSection
	GlobalSection(ExtensibilityGlobals) = postSolution
		SolutionGuid = {CCA0CFA9-B518-4A4E-B847-3BEB30217D9B}
	EndGlobalSection
EndGlobal
