
Microsoft Visual Studio Solution File, Format Version 12.00
# Visual Studio Version 17
VisualStudioVersion = 17.14.36603.0 d17.14
MinimumVisualStudioVersion = 10.0.40219.1
Project("{FAE04EC0-301F-11D3-BF4B-00C04F79EFBC}") = "Zadatci16", "Zadatci12\Zadatci16.csproj", "{CDC8B970-EFD6-4734-ACE8-EB16DE75551F}"
EndProject
Project("{FAE04EC0-301F-11D3-BF4B-00C04F79EFBC}") = "PrviDirektorij", "PrviDirektorij\PrviDirektorij.csproj", "{B7EF3BAF-6CF4-46AA-980F-540278B8C2C1}"
EndProject
Global
	GlobalSection(SolutionConfigurationPlatforms) = preSolution
		Debug|Any CPU = Debug|Any CPU
		Release|Any CPU = Release|Any CPU
	EndGlobalSection
	GlobalSection(ProjectConfigurationPlatforms) = postSolution
		{CDC8B970-EFD6-4734-ACE8-EB16DE75551F}.Debug|Any CPU.ActiveCfg = Debug|Any CPU
		{CDC8B970-EFD6-4734-ACE8-EB16DE75551F}.Debug|Any CPU.Build.0 = Debug|Any CPU
		{CDC8B970-EFD6-4734-ACE8-EB16DE75551F}.Release|Any CPU.ActiveCfg = Release|Any CPU
		{CDC8B970-EFD6-4734-ACE8-EB16DE75551F}.Release|Any CPU.Build.0 = Release|Any CPU
		{B7EF3BAF-6CF4-46AA-980F-540278B8C2C1}.Debug|Any CPU.ActiveCfg = Debug|Any CPU
		{B7EF3BAF-6CF4-46AA-980F-540278B8C2C1}.Debug|Any CPU.Build.0 = Debug|Any CPU
		{B7EF3BAF-6CF4-46AA-980F-540278B8C2C1}.Release|Any CPU.ActiveCfg = Release|Any CPU
		{B7EF3BAF-6CF4-46AA-980F-540278B8C2C1}.Release|Any CPU.Build.0 = Release|Any CPU
	EndGlobalSection
	GlobalSection(SolutionProperties) = preSolution
		HideSolutionNode = FALSE
	EndGlobalSection
	GlobalSection(ExtensibilityGlobals) = postSolution
		SolutionGuid = {F4446CE3-7505-4937-8437-C49E121E830E}
	EndGlobalSection
EndGlobal
