
Microsoft Visual Studio Solution File, Format Version 12.00
# Visual Studio Version 17
VisualStudioVersion = 17.14.36414.22
MinimumVisualStudioVersion = 10.0.40219.1
Project("{FAE04EC0-301F-11D3-BF4B-00C04F79EFBC}") = "ProvjeraZnanja_Zadatak1", "ProvjeraZnanja_Zadatak1\ProvjeraZnanja_Zadatak1.csproj", "{58E68F84-9D22-489F-AF84-5AA8A84C6876}"
EndProject
Project("{FAE04EC0-301F-11D3-BF4B-00C04F79EFBC}") = "Zadatak2", "Zadatak2\Zadatak2.csproj", "{D8D7CD08-071C-45DB-8A58-58F4F5AFD736}"
EndProject
Project("{FAE04EC0-301F-11D3-BF4B-00C04F79EFBC}") = "Zadatak3", "Zadatak3\Zadatak3.csproj", "{D3D18D0E-C8AE-454A-824D-BF06D6983804}"
EndProject
Global
	GlobalSection(SolutionConfigurationPlatforms) = preSolution
		Debug|Any CPU = Debug|Any CPU
		Release|Any CPU = Release|Any CPU
	EndGlobalSection
	GlobalSection(ProjectConfigurationPlatforms) = postSolution
		{58E68F84-9D22-489F-AF84-5AA8A84C6876}.Debug|Any CPU.ActiveCfg = Debug|Any CPU
		{58E68F84-9D22-489F-AF84-5AA8A84C6876}.Debug|Any CPU.Build.0 = Debug|Any CPU
		{58E68F84-9D22-489F-AF84-5AA8A84C6876}.Release|Any CPU.ActiveCfg = Release|Any CPU
		{58E68F84-9D22-489F-AF84-5AA8A84C6876}.Release|Any CPU.Build.0 = Release|Any CPU
		{D8D7CD08-071C-45DB-8A58-58F4F5AFD736}.Debug|Any CPU.ActiveCfg = Debug|Any CPU
		{D8D7CD08-071C-45DB-8A58-58F4F5AFD736}.Debug|Any CPU.Build.0 = Debug|Any CPU
		{D8D7CD08-071C-45DB-8A58-58F4F5AFD736}.Release|Any CPU.ActiveCfg = Release|Any CPU
		{D8D7CD08-071C-45DB-8A58-58F4F5AFD736}.Release|Any CPU.Build.0 = Release|Any CPU
		{D3D18D0E-C8AE-454A-824D-BF06D6983804}.Debug|Any CPU.ActiveCfg = Debug|Any CPU
		{D3D18D0E-C8AE-454A-824D-BF06D6983804}.Debug|Any CPU.Build.0 = Debug|Any CPU
		{D3D18D0E-C8AE-454A-824D-BF06D6983804}.Release|Any CPU.ActiveCfg = Release|Any CPU
		{D3D18D0E-C8AE-454A-824D-BF06D6983804}.Release|Any CPU.Build.0 = Release|Any CPU
	EndGlobalSection
	GlobalSection(SolutionProperties) = preSolution
		HideSolutionNode = FALSE
	EndGlobalSection
	GlobalSection(ExtensibilityGlobals) = postSolution
		SolutionGuid = {84636BB8-C928-45B4-89C3-013DD3C96C31}
	EndGlobalSection
EndGlobal
