
Microsoft Visual Studio Solution File, Format Version 12.00
# Visual Studio Version 17
VisualStudioVersion = 17.14.36414.22 d17.14
MinimumVisualStudioVersion = 10.0.40219.1
Project("{FAE04EC0-301F-11D3-BF4B-00C04F79EFBC}") = "KlaseObjekti", "KlaseObjekti\KlaseObjekti.csproj", "{A584CCE0-AD24-4F20-9655-F0E78A5F8EBB}"
EndProject
Project("{FAE04EC0-301F-11D3-BF4B-00C04F79EFBC}") = "KlaseObjekti2", "KlaseObjekti2\KlaseObjekti2.csproj", "{7907018F-372F-4657-95D5-CFB60E123605}"
EndProject
Project("{FAE04EC0-301F-11D3-BF4B-00C04F79EFBC}") = "Konstruktori", "Konstruktori\Konstruktori.csproj", "{9BDD93DB-A313-4E04-A21B-3DE17D20BAA9}"
EndProject
Project("{FAE04EC0-301F-11D3-BF4B-00C04F79EFBC}") = "Enkapsulacija", "Enkapsulacija\Enkapsulacija.csproj", "{79943033-23FB-438D-8345-7C2FE1F13CB9}"
EndProject
Project("{FAE04EC0-301F-11D3-BF4B-00C04F79EFBC}") = "Automobili", "Automobili\Automobili.csproj", "{0D59865B-B532-4E76-9B40-F05ACA1BE7D0}"
EndProject
Global
	GlobalSection(SolutionConfigurationPlatforms) = preSolution
		Debug|Any CPU = Debug|Any CPU
		Release|Any CPU = Release|Any CPU
	EndGlobalSection
	GlobalSection(ProjectConfigurationPlatforms) = postSolution
		{A584CCE0-AD24-4F20-9655-F0E78A5F8EBB}.Debug|Any CPU.ActiveCfg = Debug|Any CPU
		{A584CCE0-AD24-4F20-9655-F0E78A5F8EBB}.Debug|Any CPU.Build.0 = Debug|Any CPU
		{A584CCE0-AD24-4F20-9655-F0E78A5F8EBB}.Release|Any CPU.ActiveCfg = Release|Any CPU
		{A584CCE0-AD24-4F20-9655-F0E78A5F8EBB}.Release|Any CPU.Build.0 = Release|Any CPU
		{7907018F-372F-4657-95D5-CFB60E123605}.Debug|Any CPU.ActiveCfg = Debug|Any CPU
		{7907018F-372F-4657-95D5-CFB60E123605}.Debug|Any CPU.Build.0 = Debug|Any CPU
		{7907018F-372F-4657-95D5-CFB60E123605}.Release|Any CPU.ActiveCfg = Release|Any CPU
		{7907018F-372F-4657-95D5-CFB60E123605}.Release|Any CPU.Build.0 = Release|Any CPU
		{9BDD93DB-A313-4E04-A21B-3DE17D20BAA9}.Debug|Any CPU.ActiveCfg = Debug|Any CPU
		{9BDD93DB-A313-4E04-A21B-3DE17D20BAA9}.Debug|Any CPU.Build.0 = Debug|Any CPU
		{9BDD93DB-A313-4E04-A21B-3DE17D20BAA9}.Release|Any CPU.ActiveCfg = Release|Any CPU
		{9BDD93DB-A313-4E04-A21B-3DE17D20BAA9}.Release|Any CPU.Build.0 = Release|Any CPU
		{79943033-23FB-438D-8345-7C2FE1F13CB9}.Debug|Any CPU.ActiveCfg = Debug|Any CPU
		{79943033-23FB-438D-8345-7C2FE1F13CB9}.Debug|Any CPU.Build.0 = Debug|Any CPU
		{79943033-23FB-438D-8345-7C2FE1F13CB9}.Release|Any CPU.ActiveCfg = Release|Any CPU
		{79943033-23FB-438D-8345-7C2FE1F13CB9}.Release|Any CPU.Build.0 = Release|Any CPU
		{0D59865B-B532-4E76-9B40-F05ACA1BE7D0}.Debug|Any CPU.ActiveCfg = Debug|Any CPU
		{0D59865B-B532-4E76-9B40-F05ACA1BE7D0}.Debug|Any CPU.Build.0 = Debug|Any CPU
		{0D59865B-B532-4E76-9B40-F05ACA1BE7D0}.Release|Any CPU.ActiveCfg = Release|Any CPU
		{0D59865B-B532-4E76-9B40-F05ACA1BE7D0}.Release|Any CPU.Build.0 = Release|Any CPU
	EndGlobalSection
	GlobalSection(SolutionProperties) = preSolution
		HideSolutionNode = FALSE
	EndGlobalSection
	GlobalSection(ExtensibilityGlobals) = postSolution
		SolutionGuid = {8BC533EE-F3F5-42B2-92E2-478A1E54301B}
	EndGlobalSection
EndGlobal
