
Microsoft Visual Studio Solution File, Format Version 12.00
# Visual Studio Version 17
VisualStudioVersion = 17.14.36518.9 d17.14
MinimumVisualStudioVersion = 10.0.40219.1
Project("{FAE04EC0-301F-11D3-BF4B-00C04F79EFBC}") = "KlaseObjekti", "KlaseObjekti\KlaseObjekti.csproj", "{7CC51C13-3B78-4D58-A6E0-1C8A7CBD6162}"
EndProject
Project("{FAE04EC0-301F-11D3-BF4B-00C04F79EFBC}") = "KlaseObjekti2", "KlaseObjekti2\KlaseObjekti2.csproj", "{FEE452B6-B499-4A43-89BE-1B9F26E8069F}"
EndProject
Project("{FAE04EC0-301F-11D3-BF4B-00C04F79EFBC}") = "Konstruktori", "Konstruktori\Konstruktori.csproj", "{12AFC7CE-9061-487B-82DD-C0D7EDA91C36}"
EndProject
Project("{FAE04EC0-301F-11D3-BF4B-00C04F79EFBC}") = "Enkapsulacija", "Enkapsulacija\Enkapsulacija.csproj", "{661FEA81-C065-4796-B395-232CD2A4F16F}"
EndProject
Project("{FAE04EC0-301F-11D3-BF4B-00C04F79EFBC}") = "Automobili", "Automobili\Automobili.csproj", "{A361A6B0-548B-47FF-99E0-1974EDC4B2DB}"
EndProject
Global
	GlobalSection(SolutionConfigurationPlatforms) = preSolution
		Debug|Any CPU = Debug|Any CPU
		Release|Any CPU = Release|Any CPU
	EndGlobalSection
	GlobalSection(ProjectConfigurationPlatforms) = postSolution
		{7CC51C13-3B78-4D58-A6E0-1C8A7CBD6162}.Debug|Any CPU.ActiveCfg = Debug|Any CPU
		{7CC51C13-3B78-4D58-A6E0-1C8A7CBD6162}.Debug|Any CPU.Build.0 = Debug|Any CPU
		{7CC51C13-3B78-4D58-A6E0-1C8A7CBD6162}.Release|Any CPU.ActiveCfg = Release|Any CPU
		{7CC51C13-3B78-4D58-A6E0-1C8A7CBD6162}.Release|Any CPU.Build.0 = Release|Any CPU
		{FEE452B6-B499-4A43-89BE-1B9F26E8069F}.Debug|Any CPU.ActiveCfg = Debug|Any CPU
		{FEE452B6-B499-4A43-89BE-1B9F26E8069F}.Debug|Any CPU.Build.0 = Debug|Any CPU
		{FEE452B6-B499-4A43-89BE-1B9F26E8069F}.Release|Any CPU.ActiveCfg = Release|Any CPU
		{FEE452B6-B499-4A43-89BE-1B9F26E8069F}.Release|Any CPU.Build.0 = Release|Any CPU
		{12AFC7CE-9061-487B-82DD-C0D7EDA91C36}.Debug|Any CPU.ActiveCfg = Debug|Any CPU
		{12AFC7CE-9061-487B-82DD-C0D7EDA91C36}.Debug|Any CPU.Build.0 = Debug|Any CPU
		{12AFC7CE-9061-487B-82DD-C0D7EDA91C36}.Release|Any CPU.ActiveCfg = Release|Any CPU
		{12AFC7CE-9061-487B-82DD-C0D7EDA91C36}.Release|Any CPU.Build.0 = Release|Any CPU
		{661FEA81-C065-4796-B395-232CD2A4F16F}.Debug|Any CPU.ActiveCfg = Debug|Any CPU
		{661FEA81-C065-4796-B395-232CD2A4F16F}.Debug|Any CPU.Build.0 = Debug|Any CPU
		{661FEA81-C065-4796-B395-232CD2A4F16F}.Release|Any CPU.ActiveCfg = Release|Any CPU
		{661FEA81-C065-4796-B395-232CD2A4F16F}.Release|Any CPU.Build.0 = Release|Any CPU
		{A361A6B0-548B-47FF-99E0-1974EDC4B2DB}.Debug|Any CPU.ActiveCfg = Debug|Any CPU
		{A361A6B0-548B-47FF-99E0-1974EDC4B2DB}.Debug|Any CPU.Build.0 = Debug|Any CPU
		{A361A6B0-548B-47FF-99E0-1974EDC4B2DB}.Release|Any CPU.ActiveCfg = Release|Any CPU
		{A361A6B0-548B-47FF-99E0-1974EDC4B2DB}.Release|Any CPU.Build.0 = Release|Any CPU
	EndGlobalSection
	GlobalSection(SolutionProperties) = preSolution
		HideSolutionNode = FALSE
	EndGlobalSection
	GlobalSection(ExtensibilityGlobals) = postSolution
		SolutionGuid = {7F9F5A16-0310-4E75-9E0A-3CE28998D1F6}
	EndGlobalSection
EndGlobal
