
Microsoft Visual Studio Solution File, Format Version 12.00
# Visual Studio Version 17
VisualStudioVersion = 17.14.36511.14
MinimumVisualStudioVersion = 10.0.40219.1
Project("{FAE04EC0-301F-11D3-BF4B-00C04F79EFBC}") = "Potprogrami", "Potprogrami\Potprogrami.csproj", "{14F9F071-42AA-43C4-9B2A-C3B3898FAF0C}"
EndProject
Project("{FAE04EC0-301F-11D3-BF4B-00C04F79EFBC}") = "PotprogramiMain", "PotprogramiMain\PotprogramiMain.csproj", "{E6294A22-A732-4144-89DA-F64A896ECC4C}"
EndProject
Project("{FAE04EC0-301F-11D3-BF4B-00C04F79EFBC}") = "Funkcije", "Funkcije\Funkcije.csproj", "{93A7C31F-F8BB-4E97-B0A2-E02A4C8BB774}"
EndProject
Project("{FAE04EC0-301F-11D3-BF4B-00C04F79EFBC}") = "PrimjerMetoda", "PrimjerMetoda\PrimjerMetoda.csproj", "{20816E25-ACBA-437D-A393-3874BE572458}"
EndProject
Project("{FAE04EC0-301F-11D3-BF4B-00C04F79EFBC}") = "Zadatak07Zbroj", "Zadatak07Zbroj\Zadatak07Zbroj.csproj", "{0B69432E-A504-4510-8923-4E6CF169355F}"
EndProject
Project("{FAE04EC0-301F-11D3-BF4B-00C04F79EFBC}") = "Zadatak08Pitagora", "Zadatak08Pitagora\Zadatak08Pitagora.csproj", "{BE801DBB-07CC-4CD7-BBA7-BE9F2688B4D8}"
EndProject
Project("{FAE04EC0-301F-11D3-BF4B-00C04F79EFBC}") = "Zadatak01Krug", "Zadatak01Krug\Zadatak01Krug.csproj", "{F0499135-910A-4408-B6CF-C39DB4181848}"
EndProject
Project("{FAE04EC0-301F-11D3-BF4B-00C04F79EFBC}") = "jednakokracanTrokut", "jednakokracanTrokut\jednakokracanTrokut.csproj", "{0A691C8E-0132-4497-A6F4-22791E3C6EC1}"
EndProject
Project("{FAE04EC0-301F-11D3-BF4B-00C04F79EFBC}") = "Zadatak04CelzijUFahrenheit", "Zadatak04CelzijUFahrenheit\Zadatak04CelzijUFahrenheit.csproj", "{713DAAC9-E032-47AB-9C02-0BBF69426D6F}"
EndProject
Project("{FAE04EC0-301F-11D3-BF4B-00C04F79EFBC}") = "Zadatak06ProstBroj", "Zadatak06ProstBroj\Zadatak06ProstBroj.csproj", "{1A432E8B-E788-4DCC-A32C-A02A44063AEC}"
EndProject
Project("{FAE04EC0-301F-11D3-BF4B-00C04F79EFBC}") = "Zadatak06Prosjek", "Zadatak06Prosjek\Zadatak06Prosjek.csproj", "{4E292A96-FBF0-4DD1-B756-02841E69A686}"
EndProject
Global
	GlobalSection(SolutionConfigurationPlatforms) = preSolution
		Debug|Any CPU = Debug|Any CPU
		Release|Any CPU = Release|Any CPU
	EndGlobalSection
	GlobalSection(ProjectConfigurationPlatforms) = postSolution
		{14F9F071-42AA-43C4-9B2A-C3B3898FAF0C}.Debug|Any CPU.ActiveCfg = Debug|Any CPU
		{14F9F071-42AA-43C4-9B2A-C3B3898FAF0C}.Debug|Any CPU.Build.0 = Debug|Any CPU
		{14F9F071-42AA-43C4-9B2A-C3B3898FAF0C}.Release|Any CPU.ActiveCfg = Release|Any CPU
		{14F9F071-42AA-43C4-9B2A-C3B3898FAF0C}.Release|Any CPU.Build.0 = Release|Any CPU
		{E6294A22-A732-4144-89DA-F64A896ECC4C}.Debug|Any CPU.ActiveCfg = Debug|Any CPU
		{E6294A22-A732-4144-89DA-F64A896ECC4C}.Debug|Any CPU.Build.0 = Debug|Any CPU
		{E6294A22-A732-4144-89DA-F64A896ECC4C}.Release|Any CPU.ActiveCfg = Release|Any CPU
		{E6294A22-A732-4144-89DA-F64A896ECC4C}.Release|Any CPU.Build.0 = Release|Any CPU
		{93A7C31F-F8BB-4E97-B0A2-E02A4C8BB774}.Debug|Any CPU.ActiveCfg = Debug|Any CPU
		{93A7C31F-F8BB-4E97-B0A2-E02A4C8BB774}.Debug|Any CPU.Build.0 = Debug|Any CPU
		{93A7C31F-F8BB-4E97-B0A2-E02A4C8BB774}.Release|Any CPU.ActiveCfg = Release|Any CPU
		{93A7C31F-F8BB-4E97-B0A2-E02A4C8BB774}.Release|Any CPU.Build.0 = Release|Any CPU
		{20816E25-ACBA-437D-A393-3874BE572458}.Debug|Any CPU.ActiveCfg = Debug|Any CPU
		{20816E25-ACBA-437D-A393-3874BE572458}.Debug|Any CPU.Build.0 = Debug|Any CPU
		{20816E25-ACBA-437D-A393-3874BE572458}.Release|Any CPU.ActiveCfg = Release|Any CPU
		{20816E25-ACBA-437D-A393-3874BE572458}.Release|Any CPU.Build.0 = Release|Any CPU
		{0B69432E-A504-4510-8923-4E6CF169355F}.Debug|Any CPU.ActiveCfg = Debug|Any CPU
		{0B69432E-A504-4510-8923-4E6CF169355F}.Debug|Any CPU.Build.0 = Debug|Any CPU
		{0B69432E-A504-4510-8923-4E6CF169355F}.Release|Any CPU.ActiveCfg = Release|Any CPU
		{0B69432E-A504-4510-8923-4E6CF169355F}.Release|Any CPU.Build.0 = Release|Any CPU
		{BE801DBB-07CC-4CD7-BBA7-BE9F2688B4D8}.Debug|Any CPU.ActiveCfg = Debug|Any CPU
		{BE801DBB-07CC-4CD7-BBA7-BE9F2688B4D8}.Debug|Any CPU.Build.0 = Debug|Any CPU
		{BE801DBB-07CC-4CD7-BBA7-BE9F2688B4D8}.Release|Any CPU.ActiveCfg = Release|Any CPU
		{BE801DBB-07CC-4CD7-BBA7-BE9F2688B4D8}.Release|Any CPU.Build.0 = Release|Any CPU
		{F0499135-910A-4408-B6CF-C39DB4181848}.Debug|Any CPU.ActiveCfg = Debug|Any CPU
		{F0499135-910A-4408-B6CF-C39DB4181848}.Debug|Any CPU.Build.0 = Debug|Any CPU
		{F0499135-910A-4408-B6CF-C39DB4181848}.Release|Any CPU.ActiveCfg = Release|Any CPU
		{F0499135-910A-4408-B6CF-C39DB4181848}.Release|Any CPU.Build.0 = Release|Any CPU
		{0A691C8E-0132-4497-A6F4-22791E3C6EC1}.Debug|Any CPU.ActiveCfg = Debug|Any CPU
		{0A691C8E-0132-4497-A6F4-22791E3C6EC1}.Debug|Any CPU.Build.0 = Debug|Any CPU
		{0A691C8E-0132-4497-A6F4-22791E3C6EC1}.Release|Any CPU.ActiveCfg = Release|Any CPU
		{0A691C8E-0132-4497-A6F4-22791E3C6EC1}.Release|Any CPU.Build.0 = Release|Any CPU
		{713DAAC9-E032-47AB-9C02-0BBF69426D6F}.Debug|Any CPU.ActiveCfg = Debug|Any CPU
		{713DAAC9-E032-47AB-9C02-0BBF69426D6F}.Debug|Any CPU.Build.0 = Debug|Any CPU
		{713DAAC9-E032-47AB-9C02-0BBF69426D6F}.Release|Any CPU.ActiveCfg = Release|Any CPU
		{713DAAC9-E032-47AB-9C02-0BBF69426D6F}.Release|Any CPU.Build.0 = Release|Any CPU
		{1A432E8B-E788-4DCC-A32C-A02A44063AEC}.Debug|Any CPU.ActiveCfg = Debug|Any CPU
		{1A432E8B-E788-4DCC-A32C-A02A44063AEC}.Debug|Any CPU.Build.0 = Debug|Any CPU
		{1A432E8B-E788-4DCC-A32C-A02A44063AEC}.Release|Any CPU.ActiveCfg = Release|Any CPU
		{1A432E8B-E788-4DCC-A32C-A02A44063AEC}.Release|Any CPU.Build.0 = Release|Any CPU
		{4E292A96-FBF0-4DD1-B756-02841E69A686}.Debug|Any CPU.ActiveCfg = Debug|Any CPU
		{4E292A96-FBF0-4DD1-B756-02841E69A686}.Debug|Any CPU.Build.0 = Debug|Any CPU
		{4E292A96-FBF0-4DD1-B756-02841E69A686}.Release|Any CPU.ActiveCfg = Release|Any CPU
		{4E292A96-FBF0-4DD1-B756-02841E69A686}.Release|Any CPU.Build.0 = Release|Any CPU
	EndGlobalSection
	GlobalSection(SolutionProperties) = preSolution
		HideSolutionNode = FALSE
	EndGlobalSection
	GlobalSection(ExtensibilityGlobals) = postSolution
		SolutionGuid = {9B75D103-EC95-43BE-BFA6-95C3CEBDB9AB}
	EndGlobalSection
EndGlobal
