
Microsoft Visual Studio Solution File, Format Version 12.00
# Visual Studio Version 17
VisualStudioVersion = 17.14.36414.22
MinimumVisualStudioVersion = 10.0.40219.1
Project("{FAE04EC0-301F-11D3-BF4B-00C04F79EFBC}") = "Ispit2", "Ispit2\Ispit2.csproj", "{1715A33B-737D-4A89-AF88-254255C0A244}"
EndProject
Project("{FAE04EC0-301F-11D3-BF4B-00C04F79EFBC}") = "Zadatak10001", "Zadatak10001\Zadatak10001.csproj", "{53582ED8-4E40-4373-9F64-CD3E857BF52A}"
EndProject
Project("{FAE04EC0-301F-11D3-BF4B-00C04F79EFBC}") = "Zadatak1001.1", "Zadatak1001.1\Zadatak1001.1.csproj", "{3DE87C4C-819C-4A8F-B2F2-74F92BE0B9F7}"
EndProject
Project("{FAE04EC0-301F-11D3-BF4B-00C04F79EFBC}") = "Zadatak1002", "Zadatak1002\Zadatak1002.csproj", "{4EAC8F0A-D6B1-4845-BA80-CF28D8D20221}"
EndProject
Global
	GlobalSection(SolutionConfigurationPlatforms) = preSolution
		Debug|Any CPU = Debug|Any CPU
		Release|Any CPU = Release|Any CPU
	EndGlobalSection
	GlobalSection(ProjectConfigurationPlatforms) = postSolution
		{1715A33B-737D-4A89-AF88-254255C0A244}.Debug|Any CPU.ActiveCfg = Debug|Any CPU
		{1715A33B-737D-4A89-AF88-254255C0A244}.Debug|Any CPU.Build.0 = Debug|Any CPU
		{1715A33B-737D-4A89-AF88-254255C0A244}.Release|Any CPU.ActiveCfg = Release|Any CPU
		{1715A33B-737D-4A89-AF88-254255C0A244}.Release|Any CPU.Build.0 = Release|Any CPU
		{53582ED8-4E40-4373-9F64-CD3E857BF52A}.Debug|Any CPU.ActiveCfg = Debug|Any CPU
		{53582ED8-4E40-4373-9F64-CD3E857BF52A}.Debug|Any CPU.Build.0 = Debug|Any CPU
		{53582ED8-4E40-4373-9F64-CD3E857BF52A}.Release|Any CPU.ActiveCfg = Release|Any CPU
		{53582ED8-4E40-4373-9F64-CD3E857BF52A}.Release|Any CPU.Build.0 = Release|Any CPU
		{3DE87C4C-819C-4A8F-B2F2-74F92BE0B9F7}.Debug|Any CPU.ActiveCfg = Debug|Any CPU
		{3DE87C4C-819C-4A8F-B2F2-74F92BE0B9F7}.Debug|Any CPU.Build.0 = Debug|Any CPU
		{3DE87C4C-819C-4A8F-B2F2-74F92BE0B9F7}.Release|Any CPU.ActiveCfg = Release|Any CPU
		{3DE87C4C-819C-4A8F-B2F2-74F92BE0B9F7}.Release|Any CPU.Build.0 = Release|Any CPU
		{4EAC8F0A-D6B1-4845-BA80-CF28D8D20221}.Debug|Any CPU.ActiveCfg = Debug|Any CPU
		{4EAC8F0A-D6B1-4845-BA80-CF28D8D20221}.Debug|Any CPU.Build.0 = Debug|Any CPU
		{4EAC8F0A-D6B1-4845-BA80-CF28D8D20221}.Release|Any CPU.ActiveCfg = Release|Any CPU
		{4EAC8F0A-D6B1-4845-BA80-CF28D8D20221}.Release|Any CPU.Build.0 = Release|Any CPU
	EndGlobalSection
	GlobalSection(SolutionProperties) = preSolution
		HideSolutionNode = FALSE
	EndGlobalSection
	GlobalSection(ExtensibilityGlobals) = postSolution
		SolutionGuid = {2531D558-D92C-4D3E-BBB6-8AE214C3F683}
	EndGlobalSection
EndGlobal
