
Microsoft Visual Studio Solution File, Format Version 12.00
# Visual Studio Version 17
VisualStudioVersion = 17.14.36414.22
MinimumVisualStudioVersion = 10.0.40219.1
Project("{FAE04EC0-301F-11D3-BF4B-00C04F79EFBC}") = "UnosStringa", "UnosStringa\UnosStringa.csproj", "{22C0502C-9B2D-4D18-869C-E95752244A24}"
EndProject
Project("{FAE04EC0-301F-11D3-BF4B-00C04F79EFBC}") = "UnosRijeci", "UnosRijeci\UnosRijeci.csproj", "{4FD623DA-A1B2-468B-A5AE-3B23CFC57D7D}"
EndProject
Global
	GlobalSection(SolutionConfigurationPlatforms) = preSolution
		Debug|Any CPU = Debug|Any CPU
		Release|Any CPU = Release|Any CPU
	EndGlobalSection
	GlobalSection(ProjectConfigurationPlatforms) = postSolution
		{22C0502C-9B2D-4D18-869C-E95752244A24}.Debug|Any CPU.ActiveCfg = Debug|Any CPU
		{22C0502C-9B2D-4D18-869C-E95752244A24}.Debug|Any CPU.Build.0 = Debug|Any CPU
		{22C0502C-9B2D-4D18-869C-E95752244A24}.Release|Any CPU.ActiveCfg = Release|Any CPU
		{22C0502C-9B2D-4D18-869C-E95752244A24}.Release|Any CPU.Build.0 = Release|Any CPU
		{4FD623DA-A1B2-468B-A5AE-3B23CFC57D7D}.Debug|Any CPU.ActiveCfg = Debug|Any CPU
		{4FD623DA-A1B2-468B-A5AE-3B23CFC57D7D}.Debug|Any CPU.Build.0 = Debug|Any CPU
		{4FD623DA-A1B2-468B-A5AE-3B23CFC57D7D}.Release|Any CPU.ActiveCfg = Release|Any CPU
		{4FD623DA-A1B2-468B-A5AE-3B23CFC57D7D}.Release|Any CPU.Build.0 = Release|Any CPU
	EndGlobalSection
	GlobalSection(SolutionProperties) = preSolution
		HideSolutionNode = FALSE
	EndGlobalSection
	GlobalSection(ExtensibilityGlobals) = postSolution
		SolutionGuid = {FF357D18-629D-474B-B41F-4751A128FDBA}
	EndGlobalSection
EndGlobal
