
Microsoft Visual Studio Solution File, Format Version 12.00
# Visual Studio Version 17
VisualStudioVersion = 17.14.36603.0 d17.14
MinimumVisualStudioVersion = 10.0.40219.1
Project("{FAE04EC0-301F-11D3-BF4B-00C04F79EFBC}") = "Datoteke", "Datoteke\Datoteke.csproj", "{12544937-E107-4F60-97D3-38FFE18FF88D}"
EndProject
Project("{FAE04EC0-301F-11D3-BF4B-00C04F79EFBC}") = "FileAndFileInfo", "FileAndFileInfo\FileAndFileInfo.csproj", "{FBDCFA36-759E-4FE8-9EC8-FFAD102760E2}"
EndProject
Project("{FAE04EC0-301F-11D3-BF4B-00C04F79EFBC}") = "Parni", "Parni\Parni.csproj", "{3679BA1C-6C62-4023-A4F8-12440F8B0B1B}"
EndProject
Project("{FAE04EC0-301F-11D3-BF4B-00C04F79EFBC}") = "DvaTri", "DvaTri\DvaTri.csproj", "{635573C3-A4F5-4B01-BB51-5F1216B331A9}"
EndProject
Project("{FAE04EC0-301F-11D3-BF4B-00C04F79EFBC}") = "ParNepar", "ParNepar\ParNepar.csproj", "{F895A30C-7607-45C3-9842-9C323DE5A8DB}"
EndProject
Global
	GlobalSection(SolutionConfigurationPlatforms) = preSolution
		Debug|Any CPU = Debug|Any CPU
		Release|Any CPU = Release|Any CPU
	EndGlobalSection
	GlobalSection(ProjectConfigurationPlatforms) = postSolution
		{12544937-E107-4F60-97D3-38FFE18FF88D}.Debug|Any CPU.ActiveCfg = Debug|Any CPU
		{12544937-E107-4F60-97D3-38FFE18FF88D}.Debug|Any CPU.Build.0 = Debug|Any CPU
		{12544937-E107-4F60-97D3-38FFE18FF88D}.Release|Any CPU.ActiveCfg = Release|Any CPU
		{12544937-E107-4F60-97D3-38FFE18FF88D}.Release|Any CPU.Build.0 = Release|Any CPU
		{FBDCFA36-759E-4FE8-9EC8-FFAD102760E2}.Debug|Any CPU.ActiveCfg = Debug|Any CPU
		{FBDCFA36-759E-4FE8-9EC8-FFAD102760E2}.Debug|Any CPU.Build.0 = Debug|Any CPU
		{FBDCFA36-759E-4FE8-9EC8-FFAD102760E2}.Release|Any CPU.ActiveCfg = Release|Any CPU
		{FBDCFA36-759E-4FE8-9EC8-FFAD102760E2}.Release|Any CPU.Build.0 = Release|Any CPU
		{3679BA1C-6C62-4023-A4F8-12440F8B0B1B}.Debug|Any CPU.ActiveCfg = Debug|Any CPU
		{3679BA1C-6C62-4023-A4F8-12440F8B0B1B}.Debug|Any CPU.Build.0 = Debug|Any CPU
		{3679BA1C-6C62-4023-A4F8-12440F8B0B1B}.Release|Any CPU.ActiveCfg = Release|Any CPU
		{3679BA1C-6C62-4023-A4F8-12440F8B0B1B}.Release|Any CPU.Build.0 = Release|Any CPU
		{635573C3-A4F5-4B01-BB51-5F1216B331A9}.Debug|Any CPU.ActiveCfg = Debug|Any CPU
		{635573C3-A4F5-4B01-BB51-5F1216B331A9}.Debug|Any CPU.Build.0 = Debug|Any CPU
		{635573C3-A4F5-4B01-BB51-5F1216B331A9}.Release|Any CPU.ActiveCfg = Release|Any CPU
		{635573C3-A4F5-4B01-BB51-5F1216B331A9}.Release|Any CPU.Build.0 = Release|Any CPU
		{F895A30C-7607-45C3-9842-9C323DE5A8DB}.Debug|Any CPU.ActiveCfg = Debug|Any CPU
		{F895A30C-7607-45C3-9842-9C323DE5A8DB}.Debug|Any CPU.Build.0 = Debug|Any CPU
		{F895A30C-7607-45C3-9842-9C323DE5A8DB}.Release|Any CPU.ActiveCfg = Release|Any CPU
		{F895A30C-7607-45C3-9842-9C323DE5A8DB}.Release|Any CPU.Build.0 = Release|Any CPU
	EndGlobalSection
	GlobalSection(SolutionProperties) = preSolution
		HideSolutionNode = FALSE
	EndGlobalSection
	GlobalSection(ExtensibilityGlobals) = postSolution
		SolutionGuid = {85E62F71-7B24-4412-9779-BE3748530CD1}
	EndGlobalSection
EndGlobal
