
Microsoft Visual Studio Solution File, Format Version 12.00
# Visual Studio Version 17
VisualStudioVersion = 17.14.36414.22 d17.14
MinimumVisualStudioVersion = 10.0.40219.1
Project("{FAE04EC0-301F-11D3-BF4B-00C04F79EFBC}") = "Zadatak001", "Zadatak001\Zadatak001.csproj", "{FDA01538-44F1-4936-8B5F-6E3CD54D515D}"
EndProject
Project("{FAE04EC0-301F-11D3-BF4B-00C04F79EFBC}") = "Zadatak002", "Zadatak002\Zadatak002.csproj", "{383DFBC4-8832-4119-9F28-D1AC37696543}"
EndProject
Project("{FAE04EC0-301F-11D3-BF4B-00C04F79EFBC}") = "Zadatak003", "Zadatak003\Zadatak003.csproj", "{C4A48419-3095-4C54-9468-097C4D58169C}"
EndProject
Global
	GlobalSection(SolutionConfigurationPlatforms) = preSolution
		Debug|Any CPU = Debug|Any CPU
		Release|Any CPU = Release|Any CPU
	EndGlobalSection
	GlobalSection(ProjectConfigurationPlatforms) = postSolution
		{FDA01538-44F1-4936-8B5F-6E3CD54D515D}.Debug|Any CPU.ActiveCfg = Debug|Any CPU
		{FDA01538-44F1-4936-8B5F-6E3CD54D515D}.Debug|Any CPU.Build.0 = Debug|Any CPU
		{FDA01538-44F1-4936-8B5F-6E3CD54D515D}.Release|Any CPU.ActiveCfg = Release|Any CPU
		{FDA01538-44F1-4936-8B5F-6E3CD54D515D}.Release|Any CPU.Build.0 = Release|Any CPU
		{383DFBC4-8832-4119-9F28-D1AC37696543}.Debug|Any CPU.ActiveCfg = Debug|Any CPU
		{383DFBC4-8832-4119-9F28-D1AC37696543}.Debug|Any CPU.Build.0 = Debug|Any CPU
		{383DFBC4-8832-4119-9F28-D1AC37696543}.Release|Any CPU.ActiveCfg = Release|Any CPU
		{383DFBC4-8832-4119-9F28-D1AC37696543}.Release|Any CPU.Build.0 = Release|Any CPU
		{C4A48419-3095-4C54-9468-097C4D58169C}.Debug|Any CPU.ActiveCfg = Debug|Any CPU
		{C4A48419-3095-4C54-9468-097C4D58169C}.Debug|Any CPU.Build.0 = Debug|Any CPU
		{C4A48419-3095-4C54-9468-097C4D58169C}.Release|Any CPU.ActiveCfg = Release|Any CPU
		{C4A48419-3095-4C54-9468-097C4D58169C}.Release|Any CPU.Build.0 = Release|Any CPU
	EndGlobalSection
	GlobalSection(SolutionProperties) = preSolution
		HideSolutionNode = FALSE
	EndGlobalSection
	GlobalSection(ExtensibilityGlobals) = postSolution
		SolutionGuid = {3EFA3346-DDF0-4BDB-9AE5-306BDC3B112E}
	EndGlobalSection
EndGlobal
