
Microsoft Visual Studio Solution File, Format Version 12.00
# Visual Studio Version 17
VisualStudioVersion = 17.14.36414.22 d17.14
MinimumVisualStudioVersion = 10.0.40219.1
Project("{FAE04EC0-301F-11D3-BF4B-00C04F79EFBC}") = "VozilkaAPP", "VozilkaAPP\VozilkaAPP.csproj", "{4A7A3450-B8F2-4644-B773-B71228E7F5E1}"
EndProject
Global
	GlobalSection(SolutionConfigurationPlatforms) = preSolution
		Debug|Any CPU = Debug|Any CPU
		Release|Any CPU = Release|Any CPU
	EndGlobalSection
	GlobalSection(ProjectConfigurationPlatforms) = postSolution
		{4A7A3450-B8F2-4644-B773-B71228E7F5E1}.Debug|Any CPU.ActiveCfg = Debug|Any CPU
		{4A7A3450-B8F2-4644-B773-B71228E7F5E1}.Debug|Any CPU.Build.0 = Debug|Any CPU
		{4A7A3450-B8F2-4644-B773-B71228E7F5E1}.Release|Any CPU.ActiveCfg = Release|Any CPU
		{4A7A3450-B8F2-4644-B773-B71228E7F5E1}.Release|Any CPU.Build.0 = Release|Any CPU
	EndGlobalSection
	GlobalSection(SolutionProperties) = preSolution
		HideSolutionNode = FALSE
	EndGlobalSection
	GlobalSection(ExtensibilityGlobals) = postSolution
		SolutionGuid = {79F70F04-D68A-447B-8BAE-E65719CBBEC8}
	EndGlobalSection
EndGlobal
