
Microsoft Visual Studio Solution File, Format Version 12.00
# Visual Studio Version 17
VisualStudioVersion = 17.14.36518.9 d17.14
MinimumVisualStudioVersion = 10.0.40219.1
Project("{FAE04EC0-301F-11D3-BF4B-00C04F79EFBC}") = "Zadatak01", "Zadatak01\Zadatak01.csproj", "{604199E8-1E4F-4A73-8DBE-41D957589126}"
EndProject
Project("{FAE04EC0-301F-11D3-BF4B-00C04F79EFBC}") = "Zadatak02", "Zadatak02\Zadatak02.csproj", "{95AC213D-FA6E-4552-AD53-DD92BFF6E1AD}"
EndProject
Project("{FAE04EC0-301F-11D3-BF4B-00C04F79EFBC}") = "Zadatak03", "Zadatak03\Zadatak03.csproj", "{677E445C-1B38-4CC4-93CA-9EA3337353EE}"
EndProject
Global
	GlobalSection(SolutionConfigurationPlatforms) = preSolution
		Debug|Any CPU = Debug|Any CPU
		Release|Any CPU = Release|Any CPU
	EndGlobalSection
	GlobalSection(ProjectConfigurationPlatforms) = postSolution
		{604199E8-1E4F-4A73-8DBE-41D957589126}.Debug|Any CPU.ActiveCfg = Debug|Any CPU
		{604199E8-1E4F-4A73-8DBE-41D957589126}.Debug|Any CPU.Build.0 = Debug|Any CPU
		{604199E8-1E4F-4A73-8DBE-41D957589126}.Release|Any CPU.ActiveCfg = Release|Any CPU
		{604199E8-1E4F-4A73-8DBE-41D957589126}.Release|Any CPU.Build.0 = Release|Any CPU
		{95AC213D-FA6E-4552-AD53-DD92BFF6E1AD}.Debug|Any CPU.ActiveCfg = Debug|Any CPU
		{95AC213D-FA6E-4552-AD53-DD92BFF6E1AD}.Debug|Any CPU.Build.0 = Debug|Any CPU
		{95AC213D-FA6E-4552-AD53-DD92BFF6E1AD}.Release|Any CPU.ActiveCfg = Release|Any CPU
		{95AC213D-FA6E-4552-AD53-DD92BFF6E1AD}.Release|Any CPU.Build.0 = Release|Any CPU
		{677E445C-1B38-4CC4-93CA-9EA3337353EE}.Debug|Any CPU.ActiveCfg = Debug|Any CPU
		{677E445C-1B38-4CC4-93CA-9EA3337353EE}.Debug|Any CPU.Build.0 = Debug|Any CPU
		{677E445C-1B38-4CC4-93CA-9EA3337353EE}.Release|Any CPU.ActiveCfg = Release|Any CPU
		{677E445C-1B38-4CC4-93CA-9EA3337353EE}.Release|Any CPU.Build.0 = Release|Any CPU
	EndGlobalSection
	GlobalSection(SolutionProperties) = preSolution
		HideSolutionNode = FALSE
	EndGlobalSection
	GlobalSection(ExtensibilityGlobals) = postSolution
		SolutionGuid = {E065C005-20E0-4F28-A5AB-1B6D3C0E0D85}
	EndGlobalSection
EndGlobal
