
Microsoft Visual Studio Solution File, Format Version 12.00
# Visual Studio Version 17
VisualStudioVersion = 17.14.36603.0 d17.14
MinimumVisualStudioVersion = 10.0.40219.1
Project("{FAE04EC0-301F-11D3-BF4B-00C04F79EFBC}") = "Interfejsi", "Predavanje25\Interfejsi.csproj", "{88356482-DCCC-4724-A34C-7FADA9E265C0}"
EndProject
Project("{FAE04EC0-301F-11D3-BF4B-00C04F79EFBC}") = "Interfejsi2", "Interfejsi2\Interfejsi2.csproj", "{547AC950-A03E-414C-8578-A8AF223C422D}"
EndProject
Global
	GlobalSection(SolutionConfigurationPlatforms) = preSolution
		Debug|Any CPU = Debug|Any CPU
		Release|Any CPU = Release|Any CPU
	EndGlobalSection
	GlobalSection(ProjectConfigurationPlatforms) = postSolution
		{88356482-DCCC-4724-A34C-7FADA9E265C0}.Debug|Any CPU.ActiveCfg = Debug|Any CPU
		{88356482-DCCC-4724-A34C-7FADA9E265C0}.Debug|Any CPU.Build.0 = Debug|Any CPU
		{88356482-DCCC-4724-A34C-7FADA9E265C0}.Release|Any CPU.ActiveCfg = Release|Any CPU
		{88356482-DCCC-4724-A34C-7FADA9E265C0}.Release|Any CPU.Build.0 = Release|Any CPU
		{547AC950-A03E-414C-8578-A8AF223C422D}.Debug|Any CPU.ActiveCfg = Debug|Any CPU
		{547AC950-A03E-414C-8578-A8AF223C422D}.Debug|Any CPU.Build.0 = Debug|Any CPU
		{547AC950-A03E-414C-8578-A8AF223C422D}.Release|Any CPU.ActiveCfg = Release|Any CPU
		{547AC950-A03E-414C-8578-A8AF223C422D}.Release|Any CPU.Build.0 = Release|Any CPU
	EndGlobalSection
	GlobalSection(SolutionProperties) = preSolution
		HideSolutionNode = FALSE
	EndGlobalSection
	GlobalSection(ExtensibilityGlobals) = postSolution
		SolutionGuid = {91D6B0E3-B150-4E00-B5BB-195C75E0B6EA}
	EndGlobalSection
EndGlobal
