
Microsoft Visual Studio Solution File, Format Version 12.00
# Visual Studio Version 17
VisualStudioVersion = 17.14.36414.22 d17.14
MinimumVisualStudioVersion = 10.0.40219.1
Project("{FAE04EC0-301F-11D3-BF4B-00C04F79EFBC}") = "varijable", "varijable\varijable.csproj", "{B4361B13-ECDA-4E59-95D9-6AFD3705F58A}"
EndProject
Global
	GlobalSection(SolutionConfigurationPlatforms) = preSolution
		Debug|Any CPU = Debug|Any CPU
		Release|Any CPU = Release|Any CPU
	EndGlobalSection
	GlobalSection(ProjectConfigurationPlatforms) = postSolution
		{B4361B13-ECDA-4E59-95D9-6AFD3705F58A}.Debug|Any CPU.ActiveCfg = Debug|Any CPU
		{B4361B13-ECDA-4E59-95D9-6AFD3705F58A}.Debug|Any CPU.Build.0 = Debug|Any CPU
		{B4361B13-ECDA-4E59-95D9-6AFD3705F58A}.Release|Any CPU.ActiveCfg = Release|Any CPU
		{B4361B13-ECDA-4E59-95D9-6AFD3705F58A}.Release|Any CPU.Build.0 = Release|Any CPU
	EndGlobalSection
	GlobalSection(SolutionProperties) = preSolution
		HideSolutionNode = FALSE
	EndGlobalSection
	GlobalSection(ExtensibilityGlobals) = postSolution
		SolutionGuid = {EC3FFC8E-5A36-4020-B98E-0018FE8099D6}
	EndGlobalSection
EndGlobal
