
Microsoft Visual Studio Solution File, Format Version 12.00
# Visual Studio Version 17
VisualStudioVersion = 17.14.36414.22 d17.14
MinimumVisualStudioVersion = 10.0.40219.1
Project("{FAE04EC0-301F-11D3-BF4B-00C04F79EFBC}") = "Varijable", "Varijable\Varijable.csproj", "{11E6DCB1-8728-4CD3-9CBB-70E237A41D96}"
EndProject
Project("{FAE04EC0-301F-11D3-BF4B-00C04F79EFBC}") = "SpajanjeTeksta", "SpajanjeTeksta\SpajanjeTeksta.csproj", "{3C873A0B-84A9-4B06-BE9D-8FA48E15BE5B}"
EndProject
Global
	GlobalSection(SolutionConfigurationPlatforms) = preSolution
		Debug|Any CPU = Debug|Any CPU
		Release|Any CPU = Release|Any CPU
	EndGlobalSection
	GlobalSection(ProjectConfigurationPlatforms) = postSolution
		{11E6DCB1-8728-4CD3-9CBB-70E237A41D96}.Debug|Any CPU.ActiveCfg = Debug|Any CPU
		{11E6DCB1-8728-4CD3-9CBB-70E237A41D96}.Debug|Any CPU.Build.0 = Debug|Any CPU
		{11E6DCB1-8728-4CD3-9CBB-70E237A41D96}.Release|Any CPU.ActiveCfg = Release|Any CPU
		{11E6DCB1-8728-4CD3-9CBB-70E237A41D96}.Release|Any CPU.Build.0 = Release|Any CPU
		{3C873A0B-84A9-4B06-BE9D-8FA48E15BE5B}.Debug|Any CPU.ActiveCfg = Debug|Any CPU
		{3C873A0B-84A9-4B06-BE9D-8FA48E15BE5B}.Debug|Any CPU.Build.0 = Debug|Any CPU
		{3C873A0B-84A9-4B06-BE9D-8FA48E15BE5B}.Release|Any CPU.ActiveCfg = Release|Any CPU
		{3C873A0B-84A9-4B06-BE9D-8FA48E15BE5B}.Release|Any CPU.Build.0 = Release|Any CPU
	EndGlobalSection
	GlobalSection(SolutionProperties) = preSolution
		HideSolutionNode = FALSE
	EndGlobalSection
	GlobalSection(ExtensibilityGlobals) = postSolution
		SolutionGuid = {625ED204-9432-4071-989E-7D2CF104BC7C}
	EndGlobalSection
EndGlobal
