
Microsoft Visual Studio Solution File, Format Version 12.00
# Visual Studio Version 17
VisualStudioVersion = 17.14.36429.23 d17.14
MinimumVisualStudioVersion = 10.0.40219.1
Project("{FAE04EC0-301F-11D3-BF4B-00C04F79EFBC}") = "Zadaci03,_SavrsenBroj", "Zadaci03,_SavrsenBroj\Zadaci03,_SavrsenBroj.csproj", "{0B7D9784-4599-47AE-9F0C-A3C8D999D118}"
EndProject
Global
	GlobalSection(SolutionConfigurationPlatforms) = preSolution
		Debug|Any CPU = Debug|Any CPU
		Release|Any CPU = Release|Any CPU
	EndGlobalSection
	GlobalSection(ProjectConfigurationPlatforms) = postSolution
		{0B7D9784-4599-47AE-9F0C-A3C8D999D118}.Debug|Any CPU.ActiveCfg = Debug|Any CPU
		{0B7D9784-4599-47AE-9F0C-A3C8D999D118}.Debug|Any CPU.Build.0 = Debug|Any CPU
		{0B7D9784-4599-47AE-9F0C-A3C8D999D118}.Release|Any CPU.ActiveCfg = Release|Any CPU
		{0B7D9784-4599-47AE-9F0C-A3C8D999D118}.Release|Any CPU.Build.0 = Release|Any CPU
	EndGlobalSection
	GlobalSection(SolutionProperties) = preSolution
		HideSolutionNode = FALSE
	EndGlobalSection
	GlobalSection(ExtensibilityGlobals) = postSolution
		SolutionGuid = {CFC766A6-846D-44A1-B81E-7224ED0F5D26}
	EndGlobalSection
EndGlobal
