
Microsoft Visual Studio Solution File, Format Version 12.00
# Visual Studio Version 17
VisualStudioVersion = 17.14.36429.23
MinimumVisualStudioVersion = 10.0.40219.1
Project("{FAE04EC0-301F-11D3-BF4B-00C04F79EFBC}") = "Zadaci03,_SavrsenBroj", "Zadaci03,_SavrsenBroj\Zadaci03,_SavrsenBroj.csproj", "{0B7D9784-4599-47AE-9F0C-A3C8D999D118}"
EndProject
Project("{FAE04EC0-301F-11D3-BF4B-00C04F79EFBC}") = "ProstBroj", "ProstBroj\ProstBroj.csproj", "{09D54BD7-F26A-4879-BD93-857514EBD697}"
EndProject
Project("{FAE04EC0-301F-11D3-BF4B-00C04F79EFBC}") = "Zadaci04_Prosjek", "Zadaci04_Prosjek\Zadaci04_Prosjek.csproj", "{BB34721F-DAF9-4AFF-9BD4-4CB129F1685C}"
EndProject
Project("{FAE04EC0-301F-11D3-BF4B-00C04F79EFBC}") = "UkupnaCijena", "UkupnaCijena\UkupnaCijena.csproj", "{F004BFD7-923B-40B3-9DAB-D1B79227C830}"
EndProject
Project("{FAE04EC0-301F-11D3-BF4B-00C04F79EFBC}") = "UkupnaCijena_tuple", "UkupnaCijena_tuple\UkupnaCijena_tuple.csproj", "{81D1AC9A-5B93-411D-B824-18D74941EC5B}"
EndProject
Global
	GlobalSection(SolutionConfigurationPlatforms) = preSolution
		Debug|Any CPU = Debug|Any CPU
		Release|Any CPU = Release|Any CPU
	EndGlobalSection
	GlobalSection(ProjectConfigurationPlatforms) = postSolution
		{0B7D9784-4599-47AE-9F0C-A3C8D999D118}.Debug|Any CPU.ActiveCfg = Debug|Any CPU
		{0B7D9784-4599-47AE-9F0C-A3C8D999D118}.Debug|Any CPU.Build.0 = Debug|Any CPU
		{0B7D9784-4599-47AE-9F0C-A3C8D999D118}.Release|Any CPU.ActiveCfg = Release|Any CPU
		{0B7D9784-4599-47AE-9F0C-A3C8D999D118}.Release|Any CPU.Build.0 = Release|Any CPU
		{09D54BD7-F26A-4879-BD93-857514EBD697}.Debug|Any CPU.ActiveCfg = Debug|Any CPU
		{09D54BD7-F26A-4879-BD93-857514EBD697}.Debug|Any CPU.Build.0 = Debug|Any CPU
		{09D54BD7-F26A-4879-BD93-857514EBD697}.Release|Any CPU.ActiveCfg = Release|Any CPU
		{09D54BD7-F26A-4879-BD93-857514EBD697}.Release|Any CPU.Build.0 = Release|Any CPU
		{BB34721F-DAF9-4AFF-9BD4-4CB129F1685C}.Debug|Any CPU.ActiveCfg = Debug|Any CPU
		{BB34721F-DAF9-4AFF-9BD4-4CB129F1685C}.Debug|Any CPU.Build.0 = Debug|Any CPU
		{BB34721F-DAF9-4AFF-9BD4-4CB129F1685C}.Release|Any CPU.ActiveCfg = Release|Any CPU
		{BB34721F-DAF9-4AFF-9BD4-4CB129F1685C}.Release|Any CPU.Build.0 = Release|Any CPU
		{F004BFD7-923B-40B3-9DAB-D1B79227C830}.Debug|Any CPU.ActiveCfg = Debug|Any CPU
		{F004BFD7-923B-40B3-9DAB-D1B79227C830}.Debug|Any CPU.Build.0 = Debug|Any CPU
		{F004BFD7-923B-40B3-9DAB-D1B79227C830}.Release|Any CPU.ActiveCfg = Release|Any CPU
		{F004BFD7-923B-40B3-9DAB-D1B79227C830}.Release|Any CPU.Build.0 = Release|Any CPU
		{81D1AC9A-5B93-411D-B824-18D74941EC5B}.Debug|Any CPU.ActiveCfg = Debug|Any CPU
		{81D1AC9A-5B93-411D-B824-18D74941EC5B}.Debug|Any CPU.Build.0 = Debug|Any CPU
		{81D1AC9A-5B93-411D-B824-18D74941EC5B}.Release|Any CPU.ActiveCfg = Release|Any CPU
		{81D1AC9A-5B93-411D-B824-18D74941EC5B}.Release|Any CPU.Build.0 = Release|Any CPU
	EndGlobalSection
	GlobalSection(SolutionProperties) = preSolution
		HideSolutionNode = FALSE
	EndGlobalSection
	GlobalSection(ExtensibilityGlobals) = postSolution
		SolutionGuid = {CFC766A6-846D-44A1-B81E-7224ED0F5D26}
	EndGlobalSection
EndGlobal
