
Microsoft Visual Studio Solution File, Format Version 12.00
# Visual Studio Version 17
VisualStudioVersion = 17.14.36414.22 d17.14
MinimumVisualStudioVersion = 10.0.40219.1
Project("{FAE04EC0-301F-11D3-BF4B-00C04F79EFBC}") = "Predavanje01", "Predavanje01\Predavanje01.csproj", "{6EE48786-4D54-419E-B0BF-75BF220E10F4}"
EndProject
Global
	GlobalSection(SolutionConfigurationPlatforms) = preSolution
		Debug|Any CPU = Debug|Any CPU
		Release|Any CPU = Release|Any CPU
	EndGlobalSection
	GlobalSection(ProjectConfigurationPlatforms) = postSolution
		{6EE48786-4D54-419E-B0BF-75BF220E10F4}.Debug|Any CPU.ActiveCfg = Debug|Any CPU
		{6EE48786-4D54-419E-B0BF-75BF220E10F4}.Debug|Any CPU.Build.0 = Debug|Any CPU
		{6EE48786-4D54-419E-B0BF-75BF220E10F4}.Release|Any CPU.ActiveCfg = Release|Any CPU
		{6EE48786-4D54-419E-B0BF-75BF220E10F4}.Release|Any CPU.Build.0 = Release|Any CPU
	EndGlobalSection
	GlobalSection(SolutionProperties) = preSolution
		HideSolutionNode = FALSE
	EndGlobalSection
	GlobalSection(ExtensibilityGlobals) = postSolution
		SolutionGuid = {274D5089-E00A-4C31-99AF-E12D717C34EE}
	EndGlobalSection
EndGlobal
