
Microsoft Visual Studio Solution File, Format Version 12.00
# Visual Studio Version 17
VisualStudioVersion = 17.14.36414.22 d17.14
MinimumVisualStudioVersion = 10.0.40219.1
Project("{FAE04EC0-301F-11D3-BF4B-00C04F79EFBC}") = "Predavanje01", "Predavanje01\Predavanje01.csproj", "{0CCFD615-C20B-48B1-BDFD-9E90493CB181}"
EndProject
Global
	GlobalSection(SolutionConfigurationPlatforms) = preSolution
		Debug|Any CPU = Debug|Any CPU
		Release|Any CPU = Release|Any CPU
	EndGlobalSection
	GlobalSection(ProjectConfigurationPlatforms) = postSolution
		{0CCFD615-C20B-48B1-BDFD-9E90493CB181}.Debug|Any CPU.ActiveCfg = Debug|Any CPU
		{0CCFD615-C20B-48B1-BDFD-9E90493CB181}.Debug|Any CPU.Build.0 = Debug|Any CPU
		{0CCFD615-C20B-48B1-BDFD-9E90493CB181}.Release|Any CPU.ActiveCfg = Release|Any CPU
		{0CCFD615-C20B-48B1-BDFD-9E90493CB181}.Release|Any CPU.Build.0 = Release|Any CPU
	EndGlobalSection
	GlobalSection(SolutionProperties) = preSolution
		HideSolutionNode = FALSE
	EndGlobalSection
	GlobalSection(ExtensibilityGlobals) = postSolution
		SolutionGuid = {BEBC4831-DD8F-4C1B-BBC3-689FA51B86A3}
	EndGlobalSection
EndGlobal
