
Microsoft Visual Studio Solution File, Format Version 12.00
# Visual Studio Version 17
VisualStudioVersion = 17.14.36414.22 d17.14
MinimumVisualStudioVersion = 10.0.40219.1
Project("{FAE04EC0-301F-11D3-BF4B-00C04F79EFBC}") = "DAL", "DAL\DAL.csproj", "{7C1ED57C-B62F-49DF-B44E-EE00A48085C9}"
EndProject
Project("{FAE04EC0-301F-11D3-BF4B-00C04F79EFBC}") = "BL", "BL\BL.csproj", "{34D5E1FA-3762-42C4-B8BE-68A4F8A4FBCC}"
EndProject
Global
	GlobalSection(SolutionConfigurationPlatforms) = preSolution
		Debug|Any CPU = Debug|Any CPU
		Release|Any CPU = Release|Any CPU
	EndGlobalSection
	GlobalSection(ProjectConfigurationPlatforms) = postSolution
		{7C1ED57C-B62F-49DF-B44E-EE00A48085C9}.Debug|Any CPU.ActiveCfg = Debug|Any CPU
		{7C1ED57C-B62F-49DF-B44E-EE00A48085C9}.Debug|Any CPU.Build.0 = Debug|Any CPU
		{7C1ED57C-B62F-49DF-B44E-EE00A48085C9}.Release|Any CPU.ActiveCfg = Release|Any CPU
		{7C1ED57C-B62F-49DF-B44E-EE00A48085C9}.Release|Any CPU.Build.0 = Release|Any CPU
		{34D5E1FA-3762-42C4-B8BE-68A4F8A4FBCC}.Debug|Any CPU.ActiveCfg = Debug|Any CPU
		{34D5E1FA-3762-42C4-B8BE-68A4F8A4FBCC}.Debug|Any CPU.Build.0 = Debug|Any CPU
		{34D5E1FA-3762-42C4-B8BE-68A4F8A4FBCC}.Release|Any CPU.ActiveCfg = Release|Any CPU
		{34D5E1FA-3762-42C4-B8BE-68A4F8A4FBCC}.Release|Any CPU.Build.0 = Release|Any CPU
	EndGlobalSection
	GlobalSection(SolutionProperties) = preSolution
		HideSolutionNode = FALSE
	EndGlobalSection
	GlobalSection(ExtensibilityGlobals) = postSolution
		SolutionGuid = {E9BE27AB-157A-4EAA-9CC8-96140A4DA6D6}
	EndGlobalSection
EndGlobal
