
Microsoft Visual Studio Solution File, Format Version 12.00
# Visual Studio Version 17
VisualStudioVersion = 17.14.36414.22 d17.14
MinimumVisualStudioVersion = 10.0.40219.1
Project("{FAE04EC0-301F-11D3-BF4B-00C04F79EFBC}") = "potProgrami", "potProgrami\potProgrami.csproj", "{039BBFFA-990C-4780-8CA9-F1ADD723C468}"
EndProject
Global
	GlobalSection(SolutionConfigurationPlatforms) = preSolution
		Debug|Any CPU = Debug|Any CPU
		Release|Any CPU = Release|Any CPU
	EndGlobalSection
	GlobalSection(ProjectConfigurationPlatforms) = postSolution
		{039BBFFA-990C-4780-8CA9-F1ADD723C468}.Debug|Any CPU.ActiveCfg = Debug|Any CPU
		{039BBFFA-990C-4780-8CA9-F1ADD723C468}.Debug|Any CPU.Build.0 = Debug|Any CPU
		{039BBFFA-990C-4780-8CA9-F1ADD723C468}.Release|Any CPU.ActiveCfg = Release|Any CPU
		{039BBFFA-990C-4780-8CA9-F1ADD723C468}.Release|Any CPU.Build.0 = Release|Any CPU
	EndGlobalSection
	GlobalSection(SolutionProperties) = preSolution
		HideSolutionNode = FALSE
	EndGlobalSection
	GlobalSection(ExtensibilityGlobals) = postSolution
		SolutionGuid = {0F1CDBA9-817D-4A41-9A4B-4B6CD02DB7C1}
	EndGlobalSection
EndGlobal
