
Microsoft Visual Studio Solution File, Format Version 12.00
# Visual Studio Version 17
VisualStudioVersion = 17.14.36603.0 d17.14
MinimumVisualStudioVersion = 10.0.40219.1
Project("{FAE04EC0-301F-11D3-BF4B-00C04F79EFBC}") = "Direktorij", "Direktorij\Direktorij.csproj", "{744D6C83-BEB6-420D-BB43-FC7CB82B58FC}"
EndProject
Global
	GlobalSection(SolutionConfigurationPlatforms) = preSolution
		Debug|Any CPU = Debug|Any CPU
		Release|Any CPU = Release|Any CPU
	EndGlobalSection
	GlobalSection(ProjectConfigurationPlatforms) = postSolution
		{744D6C83-BEB6-420D-BB43-FC7CB82B58FC}.Debug|Any CPU.ActiveCfg = Debug|Any CPU
		{744D6C83-BEB6-420D-BB43-FC7CB82B58FC}.Debug|Any CPU.Build.0 = Debug|Any CPU
		{744D6C83-BEB6-420D-BB43-FC7CB82B58FC}.Release|Any CPU.ActiveCfg = Release|Any CPU
		{744D6C83-BEB6-420D-BB43-FC7CB82B58FC}.Release|Any CPU.Build.0 = Release|Any CPU
	EndGlobalSection
	GlobalSection(SolutionProperties) = preSolution
		HideSolutionNode = FALSE
	EndGlobalSection
	GlobalSection(ExtensibilityGlobals) = postSolution
		SolutionGuid = {7AECA4A6-5FEF-4C00-A540-89C4CCE1A609}
	EndGlobalSection
EndGlobal
