
Microsoft Visual Studio Solution File, Format Version 12.00
# Visual Studio Version 17
VisualStudioVersion = 17.14.36414.22 d17.14
MinimumVisualStudioVersion = 10.0.40219.1
Project("{FAE04EC0-301F-11D3-BF4B-00C04F79EFBC}") = "Zadatak2", "Zadatak2\Zadatak2.csproj", "{275C17B8-5C8E-416D-8113-A21100897684}"
EndProject
Project("{FAE04EC0-301F-11D3-BF4B-00C04F79EFBC}") = "Zadatak3", "Zadatak3\Zadatak3.csproj", "{51701DBF-E3E0-4629-AD36-5E7D2862E687}"
EndProject
Global
	GlobalSection(SolutionConfigurationPlatforms) = preSolution
		Debug|Any CPU = Debug|Any CPU
		Release|Any CPU = Release|Any CPU
	EndGlobalSection
	GlobalSection(ProjectConfigurationPlatforms) = postSolution
		{275C17B8-5C8E-416D-8113-A21100897684}.Debug|Any CPU.ActiveCfg = Debug|Any CPU
		{275C17B8-5C8E-416D-8113-A21100897684}.Debug|Any CPU.Build.0 = Debug|Any CPU
		{275C17B8-5C8E-416D-8113-A21100897684}.Release|Any CPU.ActiveCfg = Release|Any CPU
		{275C17B8-5C8E-416D-8113-A21100897684}.Release|Any CPU.Build.0 = Release|Any CPU
		{51701DBF-E3E0-4629-AD36-5E7D2862E687}.Debug|Any CPU.ActiveCfg = Debug|Any CPU
		{51701DBF-E3E0-4629-AD36-5E7D2862E687}.Debug|Any CPU.Build.0 = Debug|Any CPU
		{51701DBF-E3E0-4629-AD36-5E7D2862E687}.Release|Any CPU.ActiveCfg = Release|Any CPU
		{51701DBF-E3E0-4629-AD36-5E7D2862E687}.Release|Any CPU.Build.0 = Release|Any CPU
	EndGlobalSection
	GlobalSection(SolutionProperties) = preSolution
		HideSolutionNode = FALSE
	EndGlobalSection
	GlobalSection(ExtensibilityGlobals) = postSolution
		SolutionGuid = {2523FACA-28D9-4019-9CD7-775F50796408}
	EndGlobalSection
EndGlobal
