
Microsoft Visual Studio Solution File, Format Version 12.00
# Visual Studio Version 17
VisualStudioVersion = 17.14.36603.0 d17.14
MinimumVisualStudioVersion = 10.0.40219.1
Project("{FAE04EC0-301F-11D3-BF4B-00C04F79EFBC}") = "Zadatak02", "Zadatak02\Zadatak02.csproj", "{0F08EC96-3290-45AA-BFDE-FAC312CA1321}"
EndProject
Project("{FAE04EC0-301F-11D3-BF4B-00C04F79EFBC}") = "Zadatak03", "Zadatak03\Zadatak03.csproj", "{2A0259A8-1DEE-4E11-94EF-D13E5EB59EEF}"
EndProject
Global
	GlobalSection(SolutionConfigurationPlatforms) = preSolution
		Debug|Any CPU = Debug|Any CPU
		Release|Any CPU = Release|Any CPU
	EndGlobalSection
	GlobalSection(ProjectConfigurationPlatforms) = postSolution
		{0F08EC96-3290-45AA-BFDE-FAC312CA1321}.Debug|Any CPU.ActiveCfg = Debug|Any CPU
		{0F08EC96-3290-45AA-BFDE-FAC312CA1321}.Debug|Any CPU.Build.0 = Debug|Any CPU
		{0F08EC96-3290-45AA-BFDE-FAC312CA1321}.Release|Any CPU.ActiveCfg = Release|Any CPU
		{0F08EC96-3290-45AA-BFDE-FAC312CA1321}.Release|Any CPU.Build.0 = Release|Any CPU
		{2A0259A8-1DEE-4E11-94EF-D13E5EB59EEF}.Debug|Any CPU.ActiveCfg = Debug|Any CPU
		{2A0259A8-1DEE-4E11-94EF-D13E5EB59EEF}.Debug|Any CPU.Build.0 = Debug|Any CPU
		{2A0259A8-1DEE-4E11-94EF-D13E5EB59EEF}.Release|Any CPU.ActiveCfg = Release|Any CPU
		{2A0259A8-1DEE-4E11-94EF-D13E5EB59EEF}.Release|Any CPU.Build.0 = Release|Any CPU
	EndGlobalSection
	GlobalSection(SolutionProperties) = preSolution
		HideSolutionNode = FALSE
	EndGlobalSection
	GlobalSection(ExtensibilityGlobals) = postSolution
		SolutionGuid = {708CA426-C185-448F-A152-6A938A64223E}
	EndGlobalSection
EndGlobal
