
Microsoft Visual Studio Solution File, Format Version 12.00
# Visual Studio Version 17
VisualStudioVersion = 17.14.36518.9 d17.14
MinimumVisualStudioVersion = 10.0.40219.1
Project("{FAE04EC0-301F-11D3-BF4B-00C04F79EFBC}") = "Direktoriji", "Direktoriji\Direktoriji.csproj", "{6552F6D9-48AF-47A3-A1EC-6340A962A865}"
EndProject
Project("{FAE04EC0-301F-11D3-BF4B-00C04F79EFBC}") = "DirectoryInfo", "ConsoleApp1\DirectoryInfo.csproj", "{4DFE1474-BA27-4E94-A7AA-6A95FDEF5C4C}"
EndProject
Project("{FAE04EC0-301F-11D3-BF4B-00C04F79EFBC}") = "DirectoryTree", "DirectoryTree\DirectoryTree.csproj", "{088743C8-86D2-4D3E-8029-A739F36F9565}"
EndProject
Project("{FAE04EC0-301F-11D3-BF4B-00C04F79EFBC}") = "LINQupiti", "LINQupiti\LINQupiti.csproj", "{3E9ACFD6-8405-4588-8556-3A6C2D714C3A}"
EndProject
Project("{FAE04EC0-301F-11D3-BF4B-00C04F79EFBC}") = "LINQsearch", "LINQsearch\LINQsearch.csproj", "{35048BDB-7FB0-4680-B13F-F7F5CD743FCB}"
EndProject
Global
	GlobalSection(SolutionConfigurationPlatforms) = preSolution
		Debug|Any CPU = Debug|Any CPU
		Release|Any CPU = Release|Any CPU
	EndGlobalSection
	GlobalSection(ProjectConfigurationPlatforms) = postSolution
		{6552F6D9-48AF-47A3-A1EC-6340A962A865}.Debug|Any CPU.ActiveCfg = Debug|Any CPU
		{6552F6D9-48AF-47A3-A1EC-6340A962A865}.Debug|Any CPU.Build.0 = Debug|Any CPU
		{6552F6D9-48AF-47A3-A1EC-6340A962A865}.Release|Any CPU.ActiveCfg = Release|Any CPU
		{6552F6D9-48AF-47A3-A1EC-6340A962A865}.Release|Any CPU.Build.0 = Release|Any CPU
		{4DFE1474-BA27-4E94-A7AA-6A95FDEF5C4C}.Debug|Any CPU.ActiveCfg = Debug|Any CPU
		{4DFE1474-BA27-4E94-A7AA-6A95FDEF5C4C}.Debug|Any CPU.Build.0 = Debug|Any CPU
		{4DFE1474-BA27-4E94-A7AA-6A95FDEF5C4C}.Release|Any CPU.ActiveCfg = Release|Any CPU
		{4DFE1474-BA27-4E94-A7AA-6A95FDEF5C4C}.Release|Any CPU.Build.0 = Release|Any CPU
		{088743C8-86D2-4D3E-8029-A739F36F9565}.Debug|Any CPU.ActiveCfg = Debug|Any CPU
		{088743C8-86D2-4D3E-8029-A739F36F9565}.Debug|Any CPU.Build.0 = Debug|Any CPU
		{088743C8-86D2-4D3E-8029-A739F36F9565}.Release|Any CPU.ActiveCfg = Release|Any CPU
		{088743C8-86D2-4D3E-8029-A739F36F9565}.Release|Any CPU.Build.0 = Release|Any CPU
		{3E9ACFD6-8405-4588-8556-3A6C2D714C3A}.Debug|Any CPU.ActiveCfg = Debug|Any CPU
		{3E9ACFD6-8405-4588-8556-3A6C2D714C3A}.Debug|Any CPU.Build.0 = Debug|Any CPU
		{3E9ACFD6-8405-4588-8556-3A6C2D714C3A}.Release|Any CPU.ActiveCfg = Release|Any CPU
		{3E9ACFD6-8405-4588-8556-3A6C2D714C3A}.Release|Any CPU.Build.0 = Release|Any CPU
		{35048BDB-7FB0-4680-B13F-F7F5CD743FCB}.Debug|Any CPU.ActiveCfg = Debug|Any CPU
		{35048BDB-7FB0-4680-B13F-F7F5CD743FCB}.Debug|Any CPU.Build.0 = Debug|Any CPU
		{35048BDB-7FB0-4680-B13F-F7F5CD743FCB}.Release|Any CPU.ActiveCfg = Release|Any CPU
		{35048BDB-7FB0-4680-B13F-F7F5CD743FCB}.Release|Any CPU.Build.0 = Release|Any CPU
	EndGlobalSection
	GlobalSection(SolutionProperties) = preSolution
		HideSolutionNode = FALSE
	EndGlobalSection
	GlobalSection(ExtensibilityGlobals) = postSolution
		SolutionGuid = {06EF2EDF-0805-469B-B5E5-B23C9C02033F}
	EndGlobalSection
EndGlobal
