
Microsoft Visual Studio Solution File, Format Version 12.00
# Visual Studio Version 17
VisualStudioVersion = 17.14.36414.22 d17.14
MinimumVisualStudioVersion = 10.0.40219.1
Project("{FAE04EC0-301F-11D3-BF4B-00C04F79EFBC}") = "direktorij", "direktorij\direktorij.csproj", "{80380641-DD5E-4A70-BDAA-2A38F740AE67}"
EndProject
Project("{FAE04EC0-301F-11D3-BF4B-00C04F79EFBC}") = "directoryInfo", "directoryInfo\directoryInfo.csproj", "{5CDC5D79-6929-46F1-A2BD-C5F36A106F56}"
EndProject
Project("{FAE04EC0-301F-11D3-BF4B-00C04F79EFBC}") = "directoryTree", "directoryTree\directoryTree.csproj", "{5D0CD60B-3E68-4C4C-88D4-4C393D46E316}"
EndProject
Project("{FAE04EC0-301F-11D3-BF4B-00C04F79EFBC}") = "LINQupiti", "LINQupiti\LINQupiti.csproj", "{704C3301-4A1F-459C-8337-831D985B2D7C}"
EndProject
Global
	GlobalSection(SolutionConfigurationPlatforms) = preSolution
		Debug|Any CPU = Debug|Any CPU
		Release|Any CPU = Release|Any CPU
	EndGlobalSection
	GlobalSection(ProjectConfigurationPlatforms) = postSolution
		{80380641-DD5E-4A70-BDAA-2A38F740AE67}.Debug|Any CPU.ActiveCfg = Debug|Any CPU
		{80380641-DD5E-4A70-BDAA-2A38F740AE67}.Debug|Any CPU.Build.0 = Debug|Any CPU
		{80380641-DD5E-4A70-BDAA-2A38F740AE67}.Release|Any CPU.ActiveCfg = Release|Any CPU
		{80380641-DD5E-4A70-BDAA-2A38F740AE67}.Release|Any CPU.Build.0 = Release|Any CPU
		{5CDC5D79-6929-46F1-A2BD-C5F36A106F56}.Debug|Any CPU.ActiveCfg = Debug|Any CPU
		{5CDC5D79-6929-46F1-A2BD-C5F36A106F56}.Debug|Any CPU.Build.0 = Debug|Any CPU
		{5CDC5D79-6929-46F1-A2BD-C5F36A106F56}.Release|Any CPU.ActiveCfg = Release|Any CPU
		{5CDC5D79-6929-46F1-A2BD-C5F36A106F56}.Release|Any CPU.Build.0 = Release|Any CPU
		{5D0CD60B-3E68-4C4C-88D4-4C393D46E316}.Debug|Any CPU.ActiveCfg = Debug|Any CPU
		{5D0CD60B-3E68-4C4C-88D4-4C393D46E316}.Debug|Any CPU.Build.0 = Debug|Any CPU
		{5D0CD60B-3E68-4C4C-88D4-4C393D46E316}.Release|Any CPU.ActiveCfg = Release|Any CPU
		{5D0CD60B-3E68-4C4C-88D4-4C393D46E316}.Release|Any CPU.Build.0 = Release|Any CPU
		{704C3301-4A1F-459C-8337-831D985B2D7C}.Debug|Any CPU.ActiveCfg = Debug|Any CPU
		{704C3301-4A1F-459C-8337-831D985B2D7C}.Debug|Any CPU.Build.0 = Debug|Any CPU
		{704C3301-4A1F-459C-8337-831D985B2D7C}.Release|Any CPU.ActiveCfg = Release|Any CPU
		{704C3301-4A1F-459C-8337-831D985B2D7C}.Release|Any CPU.Build.0 = Release|Any CPU
	EndGlobalSection
	GlobalSection(SolutionProperties) = preSolution
		HideSolutionNode = FALSE
	EndGlobalSection
	GlobalSection(ExtensibilityGlobals) = postSolution
		SolutionGuid = {8A638A51-B4C2-422D-BD88-0B37BC4C6137}
	EndGlobalSection
EndGlobal
