
Microsoft Visual Studio Solution File, Format Version 12.00
# Visual Studio Version 17
VisualStudioVersion = 17.14.36414.22 d17.14
MinimumVisualStudioVersion = 10.0.40219.1
Project("{FAE04EC0-301F-11D3-BF4B-00C04F79EFBC}") = "Dogadjaji", "Dogadjaji\Dogadjaji.csproj", "{EC28F41E-CAF3-4444-92A4-ACBBD3F00A58}"
EndProject
Project("{FAE04EC0-301F-11D3-BF4B-00C04F79EFBC}") = "Dogadjaji2", "Dogadjaji2\Dogadjaji2.csproj", "{043E58EF-661D-4124-B729-A0831E0168A6}"
EndProject
Project("{FAE04EC0-301F-11D3-BF4B-00C04F79EFBC}") = "DAL_Dogadjaji2", "DAL_Dogadjaji2\DAL_Dogadjaji2.csproj", "{826BCE85-7FF3-4EE4-A3FD-AF3363578BB5}"
EndProject
Global
	GlobalSection(SolutionConfigurationPlatforms) = preSolution
		Debug|Any CPU = Debug|Any CPU
		Release|Any CPU = Release|Any CPU
	EndGlobalSection
	GlobalSection(ProjectConfigurationPlatforms) = postSolution
		{EC28F41E-CAF3-4444-92A4-ACBBD3F00A58}.Debug|Any CPU.ActiveCfg = Debug|Any CPU
		{EC28F41E-CAF3-4444-92A4-ACBBD3F00A58}.Debug|Any CPU.Build.0 = Debug|Any CPU
		{EC28F41E-CAF3-4444-92A4-ACBBD3F00A58}.Release|Any CPU.ActiveCfg = Release|Any CPU
		{EC28F41E-CAF3-4444-92A4-ACBBD3F00A58}.Release|Any CPU.Build.0 = Release|Any CPU
		{043E58EF-661D-4124-B729-A0831E0168A6}.Debug|Any CPU.ActiveCfg = Debug|Any CPU
		{043E58EF-661D-4124-B729-A0831E0168A6}.Debug|Any CPU.Build.0 = Debug|Any CPU
		{043E58EF-661D-4124-B729-A0831E0168A6}.Release|Any CPU.ActiveCfg = Release|Any CPU
		{043E58EF-661D-4124-B729-A0831E0168A6}.Release|Any CPU.Build.0 = Release|Any CPU
		{826BCE85-7FF3-4EE4-A3FD-AF3363578BB5}.Debug|Any CPU.ActiveCfg = Debug|Any CPU
		{826BCE85-7FF3-4EE4-A3FD-AF3363578BB5}.Debug|Any CPU.Build.0 = Debug|Any CPU
		{826BCE85-7FF3-4EE4-A3FD-AF3363578BB5}.Release|Any CPU.ActiveCfg = Release|Any CPU
		{826BCE85-7FF3-4EE4-A3FD-AF3363578BB5}.Release|Any CPU.Build.0 = Release|Any CPU
	EndGlobalSection
	GlobalSection(SolutionProperties) = preSolution
		HideSolutionNode = FALSE
	EndGlobalSection
	GlobalSection(ExtensibilityGlobals) = postSolution
		SolutionGuid = {D2E96545-86D2-40A0-AC0C-2AB3017D2366}
	EndGlobalSection
EndGlobal
