
Microsoft Visual Studio Solution File, Format Version 12.00
# Visual Studio Version 17
VisualStudioVersion = 17.14.36414.22 d17.14
MinimumVisualStudioVersion = 10.0.40219.1
Project("{FAE04EC0-301F-11D3-BF4B-00C04F79EFBC}") = "refAndOut", "refAndOut\refAndOut.csproj", "{5D1C83ED-93F5-43AA-8005-4587CDBB7A31}"
EndProject
Project("{FAE04EC0-301F-11D3-BF4B-00C04F79EFBC}") = "nasljedjivanje", "nasljedjivanje\nasljedjivanje.csproj", "{D01A4B0D-0EFD-4791-B2FD-B5FB6C65D614}"
EndProject
Global
	GlobalSection(SolutionConfigurationPlatforms) = preSolution
		Debug|Any CPU = Debug|Any CPU
		Release|Any CPU = Release|Any CPU
	EndGlobalSection
	GlobalSection(ProjectConfigurationPlatforms) = postSolution
		{5D1C83ED-93F5-43AA-8005-4587CDBB7A31}.Debug|Any CPU.ActiveCfg = Debug|Any CPU
		{5D1C83ED-93F5-43AA-8005-4587CDBB7A31}.Debug|Any CPU.Build.0 = Debug|Any CPU
		{5D1C83ED-93F5-43AA-8005-4587CDBB7A31}.Release|Any CPU.ActiveCfg = Release|Any CPU
		{5D1C83ED-93F5-43AA-8005-4587CDBB7A31}.Release|Any CPU.Build.0 = Release|Any CPU
		{D01A4B0D-0EFD-4791-B2FD-B5FB6C65D614}.Debug|Any CPU.ActiveCfg = Debug|Any CPU
		{D01A4B0D-0EFD-4791-B2FD-B5FB6C65D614}.Debug|Any CPU.Build.0 = Debug|Any CPU
		{D01A4B0D-0EFD-4791-B2FD-B5FB6C65D614}.Release|Any CPU.ActiveCfg = Release|Any CPU
		{D01A4B0D-0EFD-4791-B2FD-B5FB6C65D614}.Release|Any CPU.Build.0 = Release|Any CPU
	EndGlobalSection
	GlobalSection(SolutionProperties) = preSolution
		HideSolutionNode = FALSE
	EndGlobalSection
	GlobalSection(ExtensibilityGlobals) = postSolution
		SolutionGuid = {41DBF566-2EFE-4295-9599-96A65EC045A9}
	EndGlobalSection
EndGlobal
