
Microsoft Visual Studio Solution File, Format Version 12.00
# Visual Studio Version 17
VisualStudioVersion = 17.14.36414.22 d17.14
MinimumVisualStudioVersion = 10.0.40219.1
Project("{FAE04EC0-301F-11D3-BF4B-00C04F79EFBC}") = "forPetlja", "forPetlja\forPetlja.csproj", "{BEB165A4-5C92-4803-994B-CFB194775DEC}"
EndProject
Project("{FAE04EC0-301F-11D3-BF4B-00C04F79EFBC}") = "whilePetlja", "whilePetlja\whilePetlja.csproj", "{3BFC202E-AE44-460A-927D-6D5D739BEB2B}"
EndProject
Project("{FAE04EC0-301F-11D3-BF4B-00C04F79EFBC}") = "whileBreak", "whileBreak\whileBreak.csproj", "{895418F8-ECAA-4B24-913D-4ED11509AF57}"
EndProject
Global
	GlobalSection(SolutionConfigurationPlatforms) = preSolution
		Debug|Any CPU = Debug|Any CPU
		Release|Any CPU = Release|Any CPU
	EndGlobalSection
	GlobalSection(ProjectConfigurationPlatforms) = postSolution
		{BEB165A4-5C92-4803-994B-CFB194775DEC}.Debug|Any CPU.ActiveCfg = Debug|Any CPU
		{BEB165A4-5C92-4803-994B-CFB194775DEC}.Debug|Any CPU.Build.0 = Debug|Any CPU
		{BEB165A4-5C92-4803-994B-CFB194775DEC}.Release|Any CPU.ActiveCfg = Release|Any CPU
		{BEB165A4-5C92-4803-994B-CFB194775DEC}.Release|Any CPU.Build.0 = Release|Any CPU
		{3BFC202E-AE44-460A-927D-6D5D739BEB2B}.Debug|Any CPU.ActiveCfg = Debug|Any CPU
		{3BFC202E-AE44-460A-927D-6D5D739BEB2B}.Debug|Any CPU.Build.0 = Debug|Any CPU
		{3BFC202E-AE44-460A-927D-6D5D739BEB2B}.Release|Any CPU.ActiveCfg = Release|Any CPU
		{3BFC202E-AE44-460A-927D-6D5D739BEB2B}.Release|Any CPU.Build.0 = Release|Any CPU
		{895418F8-ECAA-4B24-913D-4ED11509AF57}.Debug|Any CPU.ActiveCfg = Debug|Any CPU
		{895418F8-ECAA-4B24-913D-4ED11509AF57}.Debug|Any CPU.Build.0 = Debug|Any CPU
		{895418F8-ECAA-4B24-913D-4ED11509AF57}.Release|Any CPU.ActiveCfg = Release|Any CPU
		{895418F8-ECAA-4B24-913D-4ED11509AF57}.Release|Any CPU.Build.0 = Release|Any CPU
	EndGlobalSection
	GlobalSection(SolutionProperties) = preSolution
		HideSolutionNode = FALSE
	EndGlobalSection
	GlobalSection(ExtensibilityGlobals) = postSolution
		SolutionGuid = {3F73F35A-30D3-46AD-983D-841AE1A4FCCC}
	EndGlobalSection
EndGlobal
